
Microsoft Visual Studio Solution File, Format Version 12.00
# Visual Studio Version 16
VisualStudioVersion = 16.0.30204.135
MinimumVisualStudioVersion = 10.0.40219.1
Project("{FAE04EC0-301F-11D3-BF4B-00C04F79EFBC}") = "NullableTypesExample", "NullableTypesExample\NullableTypesExample.csproj", "{B60994FE-761D-4C14-885F-8067F9BD2C5C}"
EndProject
Global
	GlobalSection(SolutionConfigurationPlatforms) = preSolution
		Debug|Any CPU = Debug|Any CPU
		Release|Any CPU = Release|Any CPU
	EndGlobalSection
	GlobalSection(ProjectConfigurationPlatforms) = postSolution
		{B60994FE-761D-4C14-885F-8067F9BD2C5C}.Debug|Any CPU.ActiveCfg = Debug|Any CPU
		{B60994FE-761D-4C14-885F-8067F9BD2C5C}.Debug|Any CPU.Build.0 = Debug|Any CPU
		{B60994FE-761D-4C14-885F-8067F9BD2C5C}.Release|Any CPU.ActiveCfg = Release|Any CPU
		{B60994FE-761D-4C14-885F-8067F9BD2C5C}.Release|Any CPU.Build.0 = Release|Any CPU
	EndGlobalSection
	GlobalSection(SolutionProperties) = preSolution
		HideSolutionNode = FALSE
	EndGlobalSection
	GlobalSection(ExtensibilityGlobals) = postSolution
		SolutionGuid = {42B1665E-34EA-43B5-BBF2-C3842AF3D033}
	EndGlobalSection
EndGlobal
