
Microsoft Visual Studio Solution File, Format Version 12.00
# Visual Studio Version 16
VisualStudioVersion = 16.0.30413.136
MinimumVisualStudioVersion = 10.0.40219.1
Project("{FAE04EC0-301F-11D3-BF4B-00C04F79EFBC}") = "OneToManyExample", "OneToManyExample\OneToManyExample.csproj", "{DCD17D3F-1C22-41E9-9932-5DEDAB8E9176}"
EndProject
Project("{FAE04EC0-301F-11D3-BF4B-00C04F79EFBC}") = "ClassLibrary1", "ClassLibrary1\ClassLibrary1.csproj", "{AB831219-2DC7-435E-9696-4507717AE6B6}"
EndProject
Global
	GlobalSection(SolutionConfigurationPlatforms) = preSolution
		Debug|Any CPU = Debug|Any CPU
		Release|Any CPU = Release|Any CPU
	EndGlobalSection
	GlobalSection(ProjectConfigurationPlatforms) = postSolution
		{DCD17D3F-1C22-41E9-9932-5DEDAB8E9176}.Debug|Any CPU.ActiveCfg = Debug|Any CPU
		{DCD17D3F-1C22-41E9-9932-5DEDAB8E9176}.Debug|Any CPU.Build.0 = Debug|Any CPU
		{DCD17D3F-1C22-41E9-9932-5DEDAB8E9176}.Release|Any CPU.ActiveCfg = Release|Any CPU
		{DCD17D3F-1C22-41E9-9932-5DEDAB8E9176}.Release|Any CPU.Build.0 = Release|Any CPU
		{AB831219-2DC7-435E-9696-4507717AE6B6}.Debug|Any CPU.ActiveCfg = Debug|Any CPU
		{AB831219-2DC7-435E-9696-4507717AE6B6}.Debug|Any CPU.Build.0 = Debug|Any CPU
		{AB831219-2DC7-435E-9696-4507717AE6B6}.Release|Any CPU.ActiveCfg = Release|Any CPU
		{AB831219-2DC7-435E-9696-4507717AE6B6}.Release|Any CPU.Build.0 = Release|Any CPU
	EndGlobalSection
	GlobalSection(SolutionProperties) = preSolution
		HideSolutionNode = FALSE
	EndGlobalSection
	GlobalSection(ExtensibilityGlobals) = postSolution
		SolutionGuid = {F4E83EF2-D87E-4F55-82DE-AB9168515E10}
	EndGlobalSection
EndGlobal
