
Microsoft Visual Studio Solution File, Format Version 12.00
# Visual Studio Version 16
VisualStudioVersion = 16.0.31702.278
MinimumVisualStudioVersion = 10.0.40219.1
Project("{FAE04EC0-301F-11D3-BF4B-00C04F79EFBC}") = "MathExample", "MathExample\MathExample.csproj", "{294BBA85-C344-406C-A567-DD285E0EF46E}"
EndProject
Global
	GlobalSection(SolutionConfigurationPlatforms) = preSolution
		Debug|Any CPU = Debug|Any CPU
		Release|Any CPU = Release|Any CPU
	EndGlobalSection
	GlobalSection(ProjectConfigurationPlatforms) = postSolution
		{294BBA85-C344-406C-A567-DD285E0EF46E}.Debug|Any CPU.ActiveCfg = Debug|Any CPU
		{294BBA85-C344-406C-A567-DD285E0EF46E}.Debug|Any CPU.Build.0 = Debug|Any CPU
		{294BBA85-C344-406C-A567-DD285E0EF46E}.Release|Any CPU.ActiveCfg = Release|Any CPU
		{294BBA85-C344-406C-A567-DD285E0EF46E}.Release|Any CPU.Build.0 = Release|Any CPU
	EndGlobalSection
	GlobalSection(SolutionProperties) = preSolution
		HideSolutionNode = FALSE
	EndGlobalSection
	GlobalSection(ExtensibilityGlobals) = postSolution
		SolutionGuid = {B848A9FA-8760-4006-BB32-3C1BC1E4E6A1}
	EndGlobalSection
EndGlobal
