
Microsoft Visual Studio Solution File, Format Version 12.00
# Visual Studio Version 17
VisualStudioVersion = 17.0.31912.275
MinimumVisualStudioVersion = 10.0.40219.1
Project("{FAE04EC0-301F-11D3-BF4B-00C04F79EFBC}") = "TopLevelStmt", "TopLevelStmt\TopLevelStmt.csproj", "{7EAA123A-DCB6-44A6-B5FF-7ABC8246BA63}"
EndProject
Global
	GlobalSection(SolutionConfigurationPlatforms) = preSolution
		Debug|Any CPU = Debug|Any CPU
		Release|Any CPU = Release|Any CPU
	EndGlobalSection
	GlobalSection(ProjectConfigurationPlatforms) = postSolution
		{7EAA123A-DCB6-44A6-B5FF-7ABC8246BA63}.Debug|Any CPU.ActiveCfg = Debug|Any CPU
		{7EAA123A-DCB6-44A6-B5FF-7ABC8246BA63}.Debug|Any CPU.Build.0 = Debug|Any CPU
		{7EAA123A-DCB6-44A6-B5FF-7ABC8246BA63}.Release|Any CPU.ActiveCfg = Release|Any CPU
		{7EAA123A-DCB6-44A6-B5FF-7ABC8246BA63}.Release|Any CPU.Build.0 = Release|Any CPU
	EndGlobalSection
	GlobalSection(SolutionProperties) = preSolution
		HideSolutionNode = FALSE
	EndGlobalSection
	GlobalSection(ExtensibilityGlobals) = postSolution
		SolutionGuid = {35365182-8AB2-4E6C-AE79-56DD0F36EEF6}
	EndGlobalSection
EndGlobal
