
Microsoft Visual Studio Solution File, Format Version 12.00
# Visual Studio Version 16
VisualStudioVersion = 16.0.31702.278
MinimumVisualStudioVersion = 10.0.40219.1
Project("{FAE04EC0-301F-11D3-BF4B-00C04F79EFBC}") = "AsciiExample", "AsciiExample\AsciiExample.csproj", "{E7AFD1A6-385F-4C80-9EBA-E7ADC3B5C380}"
EndProject
Global
	GlobalSection(SolutionConfigurationPlatforms) = preSolution
		Debug|Any CPU = Debug|Any CPU
		Release|Any CPU = Release|Any CPU
	EndGlobalSection
	GlobalSection(ProjectConfigurationPlatforms) = postSolution
		{E7AFD1A6-385F-4C80-9EBA-E7ADC3B5C380}.Debug|Any CPU.ActiveCfg = Debug|Any CPU
		{E7AFD1A6-385F-4C80-9EBA-E7ADC3B5C380}.Debug|Any CPU.Build.0 = Debug|Any CPU
		{E7AFD1A6-385F-4C80-9EBA-E7ADC3B5C380}.Release|Any CPU.ActiveCfg = Release|Any CPU
		{E7AFD1A6-385F-4C80-9EBA-E7ADC3B5C380}.Release|Any CPU.Build.0 = Release|Any CPU
	EndGlobalSection
	GlobalSection(SolutionProperties) = preSolution
		HideSolutionNode = FALSE
	EndGlobalSection
	GlobalSection(ExtensibilityGlobals) = postSolution
		SolutionGuid = {CEEB29ED-BFCE-49F6-AB39-DB0A32DF3645}
	EndGlobalSection
EndGlobal
