
Microsoft Visual Studio Solution File, Format Version 12.00
# Visual Studio Version 16
VisualStudioVersion = 16.0.29920.165
MinimumVisualStudioVersion = 10.0.40219.1
Project("{FAE04EC0-301F-11D3-BF4B-00C04F79EFBC}") = "VariablesExample", "VariablesExample\VariablesExample.csproj", "{5D93860D-EC77-4504-AF18-E1C558CFDC7D}"
EndProject
Global
	GlobalSection(SolutionConfigurationPlatforms) = preSolution
		Debug|Any CPU = Debug|Any CPU
		Release|Any CPU = Release|Any CPU
	EndGlobalSection
	GlobalSection(ProjectConfigurationPlatforms) = postSolution
		{5D93860D-EC77-4504-AF18-E1C558CFDC7D}.Debug|Any CPU.ActiveCfg = Debug|Any CPU
		{5D93860D-EC77-4504-AF18-E1C558CFDC7D}.Debug|Any CPU.Build.0 = Debug|Any CPU
		{5D93860D-EC77-4504-AF18-E1C558CFDC7D}.Release|Any CPU.ActiveCfg = Release|Any CPU
		{5D93860D-EC77-4504-AF18-E1C558CFDC7D}.Release|Any CPU.Build.0 = Release|Any CPU
	EndGlobalSection
	GlobalSection(SolutionProperties) = preSolution
		HideSolutionNode = FALSE
	EndGlobalSection
	GlobalSection(ExtensibilityGlobals) = postSolution
		SolutionGuid = {4A93B9F7-A100-4E2A-9229-90230FA19D82}
	EndGlobalSection
EndGlobal
