
Microsoft Visual Studio Solution File, Format Version 12.00
# Visual Studio Version 17
VisualStudioVersion = 17.10.35027.167
MinimumVisualStudioVersion = 10.0.40219.1
Project("{FAE04EC0-301F-11D3-BF4B-00C04F79EFBC}") = "SlicePatternExample", "SlicePatternExample\SlicePatternExample.csproj", "{3AAE25EE-5FF4-48C1-803A-44818B32896A}"
EndProject
Global
	GlobalSection(SolutionConfigurationPlatforms) = preSolution
		Debug|Any CPU = Debug|Any CPU
		Release|Any CPU = Release|Any CPU
	EndGlobalSection
	GlobalSection(ProjectConfigurationPlatforms) = postSolution
		{3AAE25EE-5FF4-48C1-803A-44818B32896A}.Debug|Any CPU.ActiveCfg = Debug|Any CPU
		{3AAE25EE-5FF4-48C1-803A-44818B32896A}.Debug|Any CPU.Build.0 = Debug|Any CPU
		{3AAE25EE-5FF4-48C1-803A-44818B32896A}.Release|Any CPU.ActiveCfg = Release|Any CPU
		{3AAE25EE-5FF4-48C1-803A-44818B32896A}.Release|Any CPU.Build.0 = Release|Any CPU
	EndGlobalSection
	GlobalSection(SolutionProperties) = preSolution
		HideSolutionNode = FALSE
	EndGlobalSection
	GlobalSection(ExtensibilityGlobals) = postSolution
		SolutionGuid = {213D3575-123C-40C2-9111-5B205FF1E006}
	EndGlobalSection
EndGlobal
