
Microsoft Visual Studio Solution File, Format Version 12.00
# Visual Studio Version 16
VisualStudioVersion = 16.0.30413.136
MinimumVisualStudioVersion = 10.0.40219.1
Project("{FAE04EC0-301F-11D3-BF4B-00C04F79EFBC}") = "SortedListExample", "SortedListExample\SortedListExample.csproj", "{3357355D-F70C-4758-9E40-51CC33913BD8}"
EndProject
Global
	GlobalSection(SolutionConfigurationPlatforms) = preSolution
		Debug|Any CPU = Debug|Any CPU
		Release|Any CPU = Release|Any CPU
	EndGlobalSection
	GlobalSection(ProjectConfigurationPlatforms) = postSolution
		{3357355D-F70C-4758-9E40-51CC33913BD8}.Debug|Any CPU.ActiveCfg = Debug|Any CPU
		{3357355D-F70C-4758-9E40-51CC33913BD8}.Debug|Any CPU.Build.0 = Debug|Any CPU
		{3357355D-F70C-4758-9E40-51CC33913BD8}.Release|Any CPU.ActiveCfg = Release|Any CPU
		{3357355D-F70C-4758-9E40-51CC33913BD8}.Release|Any CPU.Build.0 = Release|Any CPU
	EndGlobalSection
	GlobalSection(SolutionProperties) = preSolution
		HideSolutionNode = FALSE
	EndGlobalSection
	GlobalSection(ExtensibilityGlobals) = postSolution
		SolutionGuid = {33B169AD-4983-40AD-86A2-E984E6D2B4F4}
	EndGlobalSection
EndGlobal
