
Microsoft Visual Studio Solution File, Format Version 12.00
# Visual Studio Version 16
VisualStudioVersion = 16.0.30011.22
MinimumVisualStudioVersion = 10.0.40219.1
Project("{FAE04EC0-301F-11D3-BF4B-00C04F79EFBC}") = "ReadOnlyStructuresExample", "ReadOnlyStructuresExample\ReadOnlyStructuresExample.csproj", "{51617DD2-9C8C-4DAF-979A-385E964F952A}"
EndProject
Project("{FAE04EC0-301F-11D3-BF4B-00C04F79EFBC}") = "ClassLibrary1", "ClassLibrary1\ClassLibrary1.csproj", "{D3AF1918-D315-4092-A85A-985DC5F07D75}"
EndProject
Global
	GlobalSection(SolutionConfigurationPlatforms) = preSolution
		Debug|Any CPU = Debug|Any CPU
		Release|Any CPU = Release|Any CPU
	EndGlobalSection
	GlobalSection(ProjectConfigurationPlatforms) = postSolution
		{51617DD2-9C8C-4DAF-979A-385E964F952A}.Debug|Any CPU.ActiveCfg = Debug|Any CPU
		{51617DD2-9C8C-4DAF-979A-385E964F952A}.Debug|Any CPU.Build.0 = Debug|Any CPU
		{51617DD2-9C8C-4DAF-979A-385E964F952A}.Release|Any CPU.ActiveCfg = Release|Any CPU
		{51617DD2-9C8C-4DAF-979A-385E964F952A}.Release|Any CPU.Build.0 = Release|Any CPU
		{D3AF1918-D315-4092-A85A-985DC5F07D75}.Debug|Any CPU.ActiveCfg = Debug|Any CPU
		{D3AF1918-D315-4092-A85A-985DC5F07D75}.Debug|Any CPU.Build.0 = Debug|Any CPU
		{D3AF1918-D315-4092-A85A-985DC5F07D75}.Release|Any CPU.ActiveCfg = Release|Any CPU
		{D3AF1918-D315-4092-A85A-985DC5F07D75}.Release|Any CPU.Build.0 = Release|Any CPU
	EndGlobalSection
	GlobalSection(SolutionProperties) = preSolution
		HideSolutionNode = FALSE
	EndGlobalSection
	GlobalSection(ExtensibilityGlobals) = postSolution
		SolutionGuid = {06BDCD71-059B-4448-B491-AD72B11F7F80}
	EndGlobalSection
EndGlobal
