
Microsoft Visual Studio Solution File, Format Version 12.00
# Visual Studio Version 16
VisualStudioVersion = 16.0.31702.278
MinimumVisualStudioVersion = 10.0.40219.1
Project("{FAE04EC0-301F-11D3-BF4B-00C04F79EFBC}") = "ArgumentExceptionExample", "ArgumentExceptionExample\ArgumentExceptionExample.csproj", "{B8AB7F2E-5028-4977-B6B5-C72E73CE0FBC}"
EndProject
Global
	GlobalSection(SolutionConfigurationPlatforms) = preSolution
		Debug|Any CPU = Debug|Any CPU
		Release|Any CPU = Release|Any CPU
	EndGlobalSection
	GlobalSection(ProjectConfigurationPlatforms) = postSolution
		{B8AB7F2E-5028-4977-B6B5-C72E73CE0FBC}.Debug|Any CPU.ActiveCfg = Debug|Any CPU
		{B8AB7F2E-5028-4977-B6B5-C72E73CE0FBC}.Debug|Any CPU.Build.0 = Debug|Any CPU
		{B8AB7F2E-5028-4977-B6B5-C72E73CE0FBC}.Release|Any CPU.ActiveCfg = Release|Any CPU
		{B8AB7F2E-5028-4977-B6B5-C72E73CE0FBC}.Release|Any CPU.Build.0 = Release|Any CPU
	EndGlobalSection
	GlobalSection(SolutionProperties) = preSolution
		HideSolutionNode = FALSE
	EndGlobalSection
	GlobalSection(ExtensibilityGlobals) = postSolution
		SolutionGuid = {F0BE7230-94FF-408D-9DF0-5B4099E2931E}
	EndGlobalSection
EndGlobal
