
Microsoft Visual Studio Solution File, Format Version 12.00
# Visual Studio Version 16
VisualStudioVersion = 16.0.30225.117
MinimumVisualStudioVersion = 10.0.40219.1
Project("{FAE04EC0-301F-11D3-BF4B-00C04F79EFBC}") = "ListExample", "ListExample\ListExample.csproj", "{8D54C7F5-C8F5-4550-8F20-00DAEE49C536}"
EndProject
Global
	GlobalSection(SolutionConfigurationPlatforms) = preSolution
		Debug|Any CPU = Debug|Any CPU
		Release|Any CPU = Release|Any CPU
	EndGlobalSection
	GlobalSection(ProjectConfigurationPlatforms) = postSolution
		{8D54C7F5-C8F5-4550-8F20-00DAEE49C536}.Debug|Any CPU.ActiveCfg = Debug|Any CPU
		{8D54C7F5-C8F5-4550-8F20-00DAEE49C536}.Debug|Any CPU.Build.0 = Debug|Any CPU
		{8D54C7F5-C8F5-4550-8F20-00DAEE49C536}.Release|Any CPU.ActiveCfg = Release|Any CPU
		{8D54C7F5-C8F5-4550-8F20-00DAEE49C536}.Release|Any CPU.Build.0 = Release|Any CPU
	EndGlobalSection
	GlobalSection(SolutionProperties) = preSolution
		HideSolutionNode = FALSE
	EndGlobalSection
	GlobalSection(ExtensibilityGlobals) = postSolution
		SolutionGuid = {AD569812-7B89-4A13-BF84-3E9A6B5BFCA5}
	EndGlobalSection
EndGlobal
