
Microsoft Visual Studio Solution File, Format Version 12.00
# Visual Studio Version 16
VisualStudioVersion = 16.0.30225.117
MinimumVisualStudioVersion = 10.0.40219.1
Project("{FAE04EC0-301F-11D3-BF4B-00C04F79EFBC}") = "ExpressionBodiedMembersExample", "ExpressionBodiedMembersExample\ExpressionBodiedMembersExample.csproj", "{C0BBA555-6110-4EB2-8734-0B91E345470C}"
EndProject
Project("{FAE04EC0-301F-11D3-BF4B-00C04F79EFBC}") = "ClassLibrary1", "ClassLibrary1\ClassLibrary1.csproj", "{6A8CD06F-8C38-43DB-8EDE-B1E2F9934D7E}"
EndProject
Global
	GlobalSection(SolutionConfigurationPlatforms) = preSolution
		Debug|Any CPU = Debug|Any CPU
		Release|Any CPU = Release|Any CPU
	EndGlobalSection
	GlobalSection(ProjectConfigurationPlatforms) = postSolution
		{C0BBA555-6110-4EB2-8734-0B91E345470C}.Debug|Any CPU.ActiveCfg = Debug|Any CPU
		{C0BBA555-6110-4EB2-8734-0B91E345470C}.Debug|Any CPU.Build.0 = Debug|Any CPU
		{C0BBA555-6110-4EB2-8734-0B91E345470C}.Release|Any CPU.ActiveCfg = Release|Any CPU
		{C0BBA555-6110-4EB2-8734-0B91E345470C}.Release|Any CPU.Build.0 = Release|Any CPU
		{6A8CD06F-8C38-43DB-8EDE-B1E2F9934D7E}.Debug|Any CPU.ActiveCfg = Debug|Any CPU
		{6A8CD06F-8C38-43DB-8EDE-B1E2F9934D7E}.Debug|Any CPU.Build.0 = Debug|Any CPU
		{6A8CD06F-8C38-43DB-8EDE-B1E2F9934D7E}.Release|Any CPU.ActiveCfg = Release|Any CPU
		{6A8CD06F-8C38-43DB-8EDE-B1E2F9934D7E}.Release|Any CPU.Build.0 = Release|Any CPU
	EndGlobalSection
	GlobalSection(SolutionProperties) = preSolution
		HideSolutionNode = FALSE
	EndGlobalSection
	GlobalSection(ExtensibilityGlobals) = postSolution
		SolutionGuid = {ABF87E28-4AA9-4B4A-8A09-B1F867315C1D}
	EndGlobalSection
EndGlobal
