
Microsoft Visual Studio Solution File, Format Version 12.00
# Visual Studio Version 17
VisualStudioVersion = 17.0.32014.148
MinimumVisualStudioVersion = 10.0.40219.1
Project("{FAE04EC0-301F-11D3-BF4B-00C04F79EFBC}") = "App1", "App1\App1.csproj", "{3C2E155C-66EF-4AE5-A1D4-313CB166A3A4}"
EndProject
Global
	GlobalSection(SolutionConfigurationPlatforms) = preSolution
		Debug|Any CPU = Debug|Any CPU
		Release|Any CPU = Release|Any CPU
	EndGlobalSection
	GlobalSection(ProjectConfigurationPlatforms) = postSolution
		{3C2E155C-66EF-4AE5-A1D4-313CB166A3A4}.Debug|Any CPU.ActiveCfg = Debug|Any CPU
		{3C2E155C-66EF-4AE5-A1D4-313CB166A3A4}.Debug|Any CPU.Build.0 = Debug|Any CPU
		{3C2E155C-66EF-4AE5-A1D4-313CB166A3A4}.Release|Any CPU.ActiveCfg = Release|Any CPU
		{3C2E155C-66EF-4AE5-A1D4-313CB166A3A4}.Release|Any CPU.Build.0 = Release|Any CPU
	EndGlobalSection
	GlobalSection(SolutionProperties) = preSolution
		HideSolutionNode = FALSE
	EndGlobalSection
	GlobalSection(ExtensibilityGlobals) = postSolution
		SolutionGuid = {7FBE2D26-7C20-4C87-ADD0-1E1AB170DF74}
	EndGlobalSection
EndGlobal
