
Microsoft Visual Studio Solution File, Format Version 12.00
# Visual Studio Version 16
VisualStudioVersion = 16.0.31410.357
MinimumVisualStudioVersion = 10.0.40219.1
Project("{FAE04EC0-301F-11D3-BF4B-00C04F79EFBC}") = "LINQExample", "LINQExample\LINQExample.csproj", "{51C74055-1785-4F58-85D9-F47E6D59A405}"
EndProject
Global
	GlobalSection(SolutionConfigurationPlatforms) = preSolution
		Debug|Any CPU = Debug|Any CPU
		Release|Any CPU = Release|Any CPU
	EndGlobalSection
	GlobalSection(ProjectConfigurationPlatforms) = postSolution
		{51C74055-1785-4F58-85D9-F47E6D59A405}.Debug|Any CPU.ActiveCfg = Debug|Any CPU
		{51C74055-1785-4F58-85D9-F47E6D59A405}.Debug|Any CPU.Build.0 = Debug|Any CPU
		{51C74055-1785-4F58-85D9-F47E6D59A405}.Release|Any CPU.ActiveCfg = Release|Any CPU
		{51C74055-1785-4F58-85D9-F47E6D59A405}.Release|Any CPU.Build.0 = Release|Any CPU
	EndGlobalSection
	GlobalSection(SolutionProperties) = preSolution
		HideSolutionNode = FALSE
	EndGlobalSection
	GlobalSection(ExtensibilityGlobals) = postSolution
		SolutionGuid = {11EA3154-02B2-4411-B58E-947A1E028098}
	EndGlobalSection
EndGlobal
