
Microsoft Visual Studio Solution File, Format Version 12.00
# Visual Studio Version 16
VisualStudioVersion = 16.0.30225.117
MinimumVisualStudioVersion = 10.0.40219.1
Project("{FAE04EC0-301F-11D3-BF4B-00C04F79EFBC}") = "ArrayOfObjectsExample", "ArrayOfObjectsExample\ArrayOfObjectsExample.csproj", "{7A9EE9A0-1E2F-4921-A01C-BD0A44BDE86E}"
EndProject
Project("{FAE04EC0-301F-11D3-BF4B-00C04F79EFBC}") = "ClassLibrary1", "ClassLibrary1\ClassLibrary1.csproj", "{D522BC34-D062-47CE-B2F0-57AA2BB1260C}"
EndProject
Global
	GlobalSection(SolutionConfigurationPlatforms) = preSolution
		Debug|Any CPU = Debug|Any CPU
		Release|Any CPU = Release|Any CPU
	EndGlobalSection
	GlobalSection(ProjectConfigurationPlatforms) = postSolution
		{7A9EE9A0-1E2F-4921-A01C-BD0A44BDE86E}.Debug|Any CPU.ActiveCfg = Debug|Any CPU
		{7A9EE9A0-1E2F-4921-A01C-BD0A44BDE86E}.Debug|Any CPU.Build.0 = Debug|Any CPU
		{7A9EE9A0-1E2F-4921-A01C-BD0A44BDE86E}.Release|Any CPU.ActiveCfg = Release|Any CPU
		{7A9EE9A0-1E2F-4921-A01C-BD0A44BDE86E}.Release|Any CPU.Build.0 = Release|Any CPU
		{D522BC34-D062-47CE-B2F0-57AA2BB1260C}.Debug|Any CPU.ActiveCfg = Debug|Any CPU
		{D522BC34-D062-47CE-B2F0-57AA2BB1260C}.Debug|Any CPU.Build.0 = Debug|Any CPU
		{D522BC34-D062-47CE-B2F0-57AA2BB1260C}.Release|Any CPU.ActiveCfg = Release|Any CPU
		{D522BC34-D062-47CE-B2F0-57AA2BB1260C}.Release|Any CPU.Build.0 = Release|Any CPU
	EndGlobalSection
	GlobalSection(SolutionProperties) = preSolution
		HideSolutionNode = FALSE
	EndGlobalSection
	GlobalSection(ExtensibilityGlobals) = postSolution
		SolutionGuid = {B5E70815-C5EC-4ADD-A42B-6946E202808A}
	EndGlobalSection
EndGlobal
