
Microsoft Visual Studio Solution File, Format Version 12.00
# Visual Studio Version 16
VisualStudioVersion = 16.0.31410.357
MinimumVisualStudioVersion = 10.0.40219.1
Project("{FAE04EC0-301F-11D3-BF4B-00C04F79EFBC}") = "IteratorExample", "IteratorExample\IteratorExample.csproj", "{8AB59BBE-8BAD-464E-9F1A-0EBC3EBE38FA}"
EndProject
Global
	GlobalSection(SolutionConfigurationPlatforms) = preSolution
		Debug|Any CPU = Debug|Any CPU
		Release|Any CPU = Release|Any CPU
	EndGlobalSection
	GlobalSection(ProjectConfigurationPlatforms) = postSolution
		{8AB59BBE-8BAD-464E-9F1A-0EBC3EBE38FA}.Debug|Any CPU.ActiveCfg = Debug|Any CPU
		{8AB59BBE-8BAD-464E-9F1A-0EBC3EBE38FA}.Debug|Any CPU.Build.0 = Debug|Any CPU
		{8AB59BBE-8BAD-464E-9F1A-0EBC3EBE38FA}.Release|Any CPU.ActiveCfg = Release|Any CPU
		{8AB59BBE-8BAD-464E-9F1A-0EBC3EBE38FA}.Release|Any CPU.Build.0 = Release|Any CPU
	EndGlobalSection
	GlobalSection(SolutionProperties) = preSolution
		HideSolutionNode = FALSE
	EndGlobalSection
	GlobalSection(ExtensibilityGlobals) = postSolution
		SolutionGuid = {80895A92-1416-4EA0-95B3-910198FF6C88}
	EndGlobalSection
EndGlobal
