
Microsoft Visual Studio Solution File, Format Version 12.00
# Visual Studio Version 16
VisualStudioVersion = 16.0.30204.135
MinimumVisualStudioVersion = 10.0.40219.1
Project("{FAE04EC0-301F-11D3-BF4B-00C04F79EFBC}") = "ResizeExample", "ResizeExample\ResizeExample.csproj", "{BCC3438D-C7B4-4CFE-A373-02708A0C10D6}"
EndProject
Global
	GlobalSection(SolutionConfigurationPlatforms) = preSolution
		Debug|Any CPU = Debug|Any CPU
		Release|Any CPU = Release|Any CPU
	EndGlobalSection
	GlobalSection(ProjectConfigurationPlatforms) = postSolution
		{BCC3438D-C7B4-4CFE-A373-02708A0C10D6}.Debug|Any CPU.ActiveCfg = Debug|Any CPU
		{BCC3438D-C7B4-4CFE-A373-02708A0C10D6}.Debug|Any CPU.Build.0 = Debug|Any CPU
		{BCC3438D-C7B4-4CFE-A373-02708A0C10D6}.Release|Any CPU.ActiveCfg = Release|Any CPU
		{BCC3438D-C7B4-4CFE-A373-02708A0C10D6}.Release|Any CPU.Build.0 = Release|Any CPU
	EndGlobalSection
	GlobalSection(SolutionProperties) = preSolution
		HideSolutionNode = FALSE
	EndGlobalSection
	GlobalSection(ExtensibilityGlobals) = postSolution
		SolutionGuid = {A9826A23-AC07-4BCC-A6D9-087B62142A34}
	EndGlobalSection
EndGlobal
