
Microsoft Visual Studio Solution File, Format Version 12.00
# Visual Studio Version 16
VisualStudioVersion = 16.0.30413.136
MinimumVisualStudioVersion = 10.0.40219.1
Project("{FAE04EC0-301F-11D3-BF4B-00C04F79EFBC}") = "HashSetExample3", "HashSetExample3\HashSetExample3.csproj", "{2BC36FDD-E167-4DAA-958D-42BB044EC044}"
EndProject
Global
	GlobalSection(SolutionConfigurationPlatforms) = preSolution
		Debug|Any CPU = Debug|Any CPU
		Release|Any CPU = Release|Any CPU
	EndGlobalSection
	GlobalSection(ProjectConfigurationPlatforms) = postSolution
		{2BC36FDD-E167-4DAA-958D-42BB044EC044}.Debug|Any CPU.ActiveCfg = Debug|Any CPU
		{2BC36FDD-E167-4DAA-958D-42BB044EC044}.Debug|Any CPU.Build.0 = Debug|Any CPU
		{2BC36FDD-E167-4DAA-958D-42BB044EC044}.Release|Any CPU.ActiveCfg = Release|Any CPU
		{2BC36FDD-E167-4DAA-958D-42BB044EC044}.Release|Any CPU.Build.0 = Release|Any CPU
	EndGlobalSection
	GlobalSection(SolutionProperties) = preSolution
		HideSolutionNode = FALSE
	EndGlobalSection
	GlobalSection(ExtensibilityGlobals) = postSolution
		SolutionGuid = {76A6D4CA-4C96-41DA-B954-B117CB789428}
	EndGlobalSection
EndGlobal
