
Microsoft Visual Studio Solution File, Format Version 12.00
# Visual Studio Version 16
VisualStudioVersion = 16.0.30413.136
MinimumVisualStudioVersion = 10.0.40219.1
Project("{FAE04EC0-301F-11D3-BF4B-00C04F79EFBC}") = "HashSetExample", "HashSetExample\HashSetExample.csproj", "{99F5FA11-9D03-4A08-9B00-BCC1C8962A18}"
EndProject
Global
	GlobalSection(SolutionConfigurationPlatforms) = preSolution
		Debug|Any CPU = Debug|Any CPU
		Release|Any CPU = Release|Any CPU
	EndGlobalSection
	GlobalSection(ProjectConfigurationPlatforms) = postSolution
		{99F5FA11-9D03-4A08-9B00-BCC1C8962A18}.Debug|Any CPU.ActiveCfg = Debug|Any CPU
		{99F5FA11-9D03-4A08-9B00-BCC1C8962A18}.Debug|Any CPU.Build.0 = Debug|Any CPU
		{99F5FA11-9D03-4A08-9B00-BCC1C8962A18}.Release|Any CPU.ActiveCfg = Release|Any CPU
		{99F5FA11-9D03-4A08-9B00-BCC1C8962A18}.Release|Any CPU.Build.0 = Release|Any CPU
	EndGlobalSection
	GlobalSection(SolutionProperties) = preSolution
		HideSolutionNode = FALSE
	EndGlobalSection
	GlobalSection(ExtensibilityGlobals) = postSolution
		SolutionGuid = {27F8F7CB-4926-4601-9F7F-BC635FF559D0}
	EndGlobalSection
EndGlobal
