
Microsoft Visual Studio Solution File, Format Version 12.00
# Visual Studio Version 16
VisualStudioVersion = 16.0.30011.22
MinimumVisualStudioVersion = 10.0.40219.1
Project("{FAE04EC0-301F-11D3-BF4B-00C04F79EFBC}") = "PartialClassesExample", "PartialClassesExample\PartialClassesExample.csproj", "{69F73DAE-248C-4447-8A04-2BE4AD9BBFE2}"
EndProject
Project("{FAE04EC0-301F-11D3-BF4B-00C04F79EFBC}") = "ClassLibrary1", "ClassLibrary1\ClassLibrary1.csproj", "{9C5AD05F-43EA-4F10-87D8-1631C9CB915D}"
EndProject
Global
	GlobalSection(SolutionConfigurationPlatforms) = preSolution
		Debug|Any CPU = Debug|Any CPU
		Release|Any CPU = Release|Any CPU
	EndGlobalSection
	GlobalSection(ProjectConfigurationPlatforms) = postSolution
		{69F73DAE-248C-4447-8A04-2BE4AD9BBFE2}.Debug|Any CPU.ActiveCfg = Debug|Any CPU
		{69F73DAE-248C-4447-8A04-2BE4AD9BBFE2}.Debug|Any CPU.Build.0 = Debug|Any CPU
		{69F73DAE-248C-4447-8A04-2BE4AD9BBFE2}.Release|Any CPU.ActiveCfg = Release|Any CPU
		{69F73DAE-248C-4447-8A04-2BE4AD9BBFE2}.Release|Any CPU.Build.0 = Release|Any CPU
		{9C5AD05F-43EA-4F10-87D8-1631C9CB915D}.Debug|Any CPU.ActiveCfg = Debug|Any CPU
		{9C5AD05F-43EA-4F10-87D8-1631C9CB915D}.Debug|Any CPU.Build.0 = Debug|Any CPU
		{9C5AD05F-43EA-4F10-87D8-1631C9CB915D}.Release|Any CPU.ActiveCfg = Release|Any CPU
		{9C5AD05F-43EA-4F10-87D8-1631C9CB915D}.Release|Any CPU.Build.0 = Release|Any CPU
	EndGlobalSection
	GlobalSection(SolutionProperties) = preSolution
		HideSolutionNode = FALSE
	EndGlobalSection
	GlobalSection(ExtensibilityGlobals) = postSolution
		SolutionGuid = {30CBABBC-95BA-473A-8407-BFEA098CF01D}
	EndGlobalSection
EndGlobal
