
Microsoft Visual Studio Solution File, Format Version 12.00
# Visual Studio Version 16
VisualStudioVersion = 16.0.31702.278
MinimumVisualStudioVersion = 10.0.40219.1
Project("{FAE04EC0-301F-11D3-BF4B-00C04F79EFBC}") = "FileInfoExample", "FileInfoExample\FileInfoExample.csproj", "{263BCAD9-DE17-4E52-86BD-C529709EDC1C}"
EndProject
Global
	GlobalSection(SolutionConfigurationPlatforms) = preSolution
		Debug|Any CPU = Debug|Any CPU
		Release|Any CPU = Release|Any CPU
	EndGlobalSection
	GlobalSection(ProjectConfigurationPlatforms) = postSolution
		{263BCAD9-DE17-4E52-86BD-C529709EDC1C}.Debug|Any CPU.ActiveCfg = Debug|Any CPU
		{263BCAD9-DE17-4E52-86BD-C529709EDC1C}.Debug|Any CPU.Build.0 = Debug|Any CPU
		{263BCAD9-DE17-4E52-86BD-C529709EDC1C}.Release|Any CPU.ActiveCfg = Release|Any CPU
		{263BCAD9-DE17-4E52-86BD-C529709EDC1C}.Release|Any CPU.Build.0 = Release|Any CPU
	EndGlobalSection
	GlobalSection(SolutionProperties) = preSolution
		HideSolutionNode = FALSE
	EndGlobalSection
	GlobalSection(ExtensibilityGlobals) = postSolution
		SolutionGuid = {921D351B-CBD4-4F33-A7C4-1B7B94F64D8D}
	EndGlobalSection
EndGlobal
