
Microsoft Visual Studio Solution File, Format Version 12.00
# Visual Studio Version 16
VisualStudioVersion = 16.0.30204.135
MinimumVisualStudioVersion = 10.0.40219.1
Project("{FAE04EC0-301F-11D3-BF4B-00C04F79EFBC}") = "ImplicitlyTypedVariablesExample", "ImplicitlyTypedVariablesExample\ImplicitlyTypedVariablesExample.csproj", "{634073C7-55CB-4132-9C0D-81B005EC2114}"
EndProject
Project("{FAE04EC0-301F-11D3-BF4B-00C04F79EFBC}") = "ClassLibrary1", "ClassLibrary1\ClassLibrary1.csproj", "{47B0914F-D6EF-4AFC-9252-1EBC093D7398}"
EndProject
Global
	GlobalSection(SolutionConfigurationPlatforms) = preSolution
		Debug|Any CPU = Debug|Any CPU
		Release|Any CPU = Release|Any CPU
	EndGlobalSection
	GlobalSection(ProjectConfigurationPlatforms) = postSolution
		{634073C7-55CB-4132-9C0D-81B005EC2114}.Debug|Any CPU.ActiveCfg = Debug|Any CPU
		{634073C7-55CB-4132-9C0D-81B005EC2114}.Debug|Any CPU.Build.0 = Debug|Any CPU
		{634073C7-55CB-4132-9C0D-81B005EC2114}.Release|Any CPU.ActiveCfg = Release|Any CPU
		{634073C7-55CB-4132-9C0D-81B005EC2114}.Release|Any CPU.Build.0 = Release|Any CPU
		{47B0914F-D6EF-4AFC-9252-1EBC093D7398}.Debug|Any CPU.ActiveCfg = Debug|Any CPU
		{47B0914F-D6EF-4AFC-9252-1EBC093D7398}.Debug|Any CPU.Build.0 = Debug|Any CPU
		{47B0914F-D6EF-4AFC-9252-1EBC093D7398}.Release|Any CPU.ActiveCfg = Release|Any CPU
		{47B0914F-D6EF-4AFC-9252-1EBC093D7398}.Release|Any CPU.Build.0 = Release|Any CPU
	EndGlobalSection
	GlobalSection(SolutionProperties) = preSolution
		HideSolutionNode = FALSE
	EndGlobalSection
	GlobalSection(ExtensibilityGlobals) = postSolution
		SolutionGuid = {EC4E7A8E-4025-4B99-B208-91CE9F7FAAA5}
	EndGlobalSection
EndGlobal
