
Microsoft Visual Studio Solution File, Format Version 12.00
# Visual Studio Version 16
VisualStudioVersion = 16.0.30002.166
MinimumVisualStudioVersion = 10.0.40219.1
Project("{FAE04EC0-301F-11D3-BF4B-00C04F79EFBC}") = "MethodsExample", "MethodsExample\MethodsExample.csproj", "{434EE204-D5E0-44FF-841D-319CFDFAEEEB}"
EndProject
Project("{FAE04EC0-301F-11D3-BF4B-00C04F79EFBC}") = "ClassLibrary1", "ClassLibrary1\ClassLibrary1.csproj", "{DE4DF549-F490-4E66-A957-31D320D51854}"
EndProject
Global
	GlobalSection(SolutionConfigurationPlatforms) = preSolution
		Debug|Any CPU = Debug|Any CPU
		Release|Any CPU = Release|Any CPU
	EndGlobalSection
	GlobalSection(ProjectConfigurationPlatforms) = postSolution
		{434EE204-D5E0-44FF-841D-319CFDFAEEEB}.Debug|Any CPU.ActiveCfg = Debug|Any CPU
		{434EE204-D5E0-44FF-841D-319CFDFAEEEB}.Debug|Any CPU.Build.0 = Debug|Any CPU
		{434EE204-D5E0-44FF-841D-319CFDFAEEEB}.Release|Any CPU.ActiveCfg = Release|Any CPU
		{434EE204-D5E0-44FF-841D-319CFDFAEEEB}.Release|Any CPU.Build.0 = Release|Any CPU
		{DE4DF549-F490-4E66-A957-31D320D51854}.Debug|Any CPU.ActiveCfg = Debug|Any CPU
		{DE4DF549-F490-4E66-A957-31D320D51854}.Debug|Any CPU.Build.0 = Debug|Any CPU
		{DE4DF549-F490-4E66-A957-31D320D51854}.Release|Any CPU.ActiveCfg = Release|Any CPU
		{DE4DF549-F490-4E66-A957-31D320D51854}.Release|Any CPU.Build.0 = Release|Any CPU
	EndGlobalSection
	GlobalSection(SolutionProperties) = preSolution
		HideSolutionNode = FALSE
	EndGlobalSection
	GlobalSection(ExtensibilityGlobals) = postSolution
		SolutionGuid = {C9708AB9-29F8-4993-A5BB-53E38F00DE45}
	EndGlobalSection
EndGlobal
