
Microsoft Visual Studio Solution File, Format Version 12.00
# Visual Studio Version 17
VisualStudioVersion = 17.10.35027.167
MinimumVisualStudioVersion = 10.0.40219.1
Project("{FAE04EC0-301F-11D3-BF4B-00C04F79EFBC}") = "RawStringsExample", "RawStringsExample\RawStringsExample.csproj", "{8F7CBE17-10F9-4F5E-A0C1-574C0708F767}"
EndProject
Global
	GlobalSection(SolutionConfigurationPlatforms) = preSolution
		Debug|Any CPU = Debug|Any CPU
		Release|Any CPU = Release|Any CPU
	EndGlobalSection
	GlobalSection(ProjectConfigurationPlatforms) = postSolution
		{8F7CBE17-10F9-4F5E-A0C1-574C0708F767}.Debug|Any CPU.ActiveCfg = Debug|Any CPU
		{8F7CBE17-10F9-4F5E-A0C1-574C0708F767}.Debug|Any CPU.Build.0 = Debug|Any CPU
		{8F7CBE17-10F9-4F5E-A0C1-574C0708F767}.Release|Any CPU.ActiveCfg = Release|Any CPU
		{8F7CBE17-10F9-4F5E-A0C1-574C0708F767}.Release|Any CPU.Build.0 = Release|Any CPU
	EndGlobalSection
	GlobalSection(SolutionProperties) = preSolution
		HideSolutionNode = FALSE
	EndGlobalSection
	GlobalSection(ExtensibilityGlobals) = postSolution
		SolutionGuid = {87930C59-2CFC-40FB-A4AE-35685A42CE43}
	EndGlobalSection
EndGlobal
