
Microsoft Visual Studio Solution File, Format Version 12.00
# Visual Studio Version 16
VisualStudioVersion = 16.0.31410.357
MinimumVisualStudioVersion = 10.0.40219.1
Project("{FAE04EC0-301F-11D3-BF4B-00C04F79EFBC}") = "MinMaxExample", "MinMaxExample\MinMaxExample.csproj", "{E8EBD1EA-4994-416A-8A7D-61B8F783EF44}"
EndProject
Global
	GlobalSection(SolutionConfigurationPlatforms) = preSolution
		Debug|Any CPU = Debug|Any CPU
		Release|Any CPU = Release|Any CPU
	EndGlobalSection
	GlobalSection(ProjectConfigurationPlatforms) = postSolution
		{E8EBD1EA-4994-416A-8A7D-61B8F783EF44}.Debug|Any CPU.ActiveCfg = Debug|Any CPU
		{E8EBD1EA-4994-416A-8A7D-61B8F783EF44}.Debug|Any CPU.Build.0 = Debug|Any CPU
		{E8EBD1EA-4994-416A-8A7D-61B8F783EF44}.Release|Any CPU.ActiveCfg = Release|Any CPU
		{E8EBD1EA-4994-416A-8A7D-61B8F783EF44}.Release|Any CPU.Build.0 = Release|Any CPU
	EndGlobalSection
	GlobalSection(SolutionProperties) = preSolution
		HideSolutionNode = FALSE
	EndGlobalSection
	GlobalSection(ExtensibilityGlobals) = postSolution
		SolutionGuid = {5CE2D853-ABF8-4E53-BA74-F772A2EDBF67}
	EndGlobalSection
EndGlobal
