
Microsoft Visual Studio Solution File, Format Version 12.00
# Visual Studio Version 17
VisualStudioVersion = 17.7.34031.279
MinimumVisualStudioVersion = 10.0.40219.1
Project("{FAE04EC0-301F-11D3-BF4B-00C04F79EFBC}") = "FileIOExample", "FileIOExample\FileIOExample.csproj", "{4FB86A85-0A8A-412C-A973-3DB423942AB0}"
EndProject
Global
	GlobalSection(SolutionConfigurationPlatforms) = preSolution
		Debug|Any CPU = Debug|Any CPU
		Release|Any CPU = Release|Any CPU
	EndGlobalSection
	GlobalSection(ProjectConfigurationPlatforms) = postSolution
		{4FB86A85-0A8A-412C-A973-3DB423942AB0}.Debug|Any CPU.ActiveCfg = Debug|Any CPU
		{4FB86A85-0A8A-412C-A973-3DB423942AB0}.Debug|Any CPU.Build.0 = Debug|Any CPU
		{4FB86A85-0A8A-412C-A973-3DB423942AB0}.Release|Any CPU.ActiveCfg = Release|Any CPU
		{4FB86A85-0A8A-412C-A973-3DB423942AB0}.Release|Any CPU.Build.0 = Release|Any CPU
	EndGlobalSection
	GlobalSection(SolutionProperties) = preSolution
		HideSolutionNode = FALSE
	EndGlobalSection
	GlobalSection(ExtensibilityGlobals) = postSolution
		SolutionGuid = {E0342CB7-3873-4582-8E64-09B7F1170FEB}
	EndGlobalSection
EndGlobal
