
Microsoft Visual Studio Solution File, Format Version 12.00
# Visual Studio Version 16
VisualStudioVersion = 16.0.30225.117
MinimumVisualStudioVersion = 10.0.40219.1
Project("{FAE04EC0-301F-11D3-BF4B-00C04F79EFBC}") = "SwitchExpressionExample", "SwitchExpressionExample\SwitchExpressionExample.csproj", "{947A2CC7-4F0D-4EF5-AAE9-5ABEC0EDB8A7}"
EndProject
Global
	GlobalSection(SolutionConfigurationPlatforms) = preSolution
		Debug|Any CPU = Debug|Any CPU
		Release|Any CPU = Release|Any CPU
	EndGlobalSection
	GlobalSection(ProjectConfigurationPlatforms) = postSolution
		{947A2CC7-4F0D-4EF5-AAE9-5ABEC0EDB8A7}.Debug|Any CPU.ActiveCfg = Debug|Any CPU
		{947A2CC7-4F0D-4EF5-AAE9-5ABEC0EDB8A7}.Debug|Any CPU.Build.0 = Debug|Any CPU
		{947A2CC7-4F0D-4EF5-AAE9-5ABEC0EDB8A7}.Release|Any CPU.ActiveCfg = Release|Any CPU
		{947A2CC7-4F0D-4EF5-AAE9-5ABEC0EDB8A7}.Release|Any CPU.Build.0 = Release|Any CPU
	EndGlobalSection
	GlobalSection(SolutionProperties) = preSolution
		HideSolutionNode = FALSE
	EndGlobalSection
	GlobalSection(ExtensibilityGlobals) = postSolution
		SolutionGuid = {4000A482-79B3-4E3B-A65A-61E7E1DCC60A}
	EndGlobalSection
EndGlobal
