
Microsoft Visual Studio Solution File, Format Version 12.00
# Visual Studio Version 17
VisualStudioVersion = 17.6.33829.357
MinimumVisualStudioVersion = 10.0.40219.1
Project("{FAE04EC0-301F-11D3-BF4B-00C04F79EFBC}") = "CSVExample", "CSVExample\CSVExample.csproj", "{3B379B7A-90AF-4216-BF6F-E4AF1F275C4C}"
EndProject
Global
	GlobalSection(SolutionConfigurationPlatforms) = preSolution
		Debug|Any CPU = Debug|Any CPU
		Release|Any CPU = Release|Any CPU
	EndGlobalSection
	GlobalSection(ProjectConfigurationPlatforms) = postSolution
		{3B379B7A-90AF-4216-BF6F-E4AF1F275C4C}.Debug|Any CPU.ActiveCfg = Debug|Any CPU
		{3B379B7A-90AF-4216-BF6F-E4AF1F275C4C}.Debug|Any CPU.Build.0 = Debug|Any CPU
		{3B379B7A-90AF-4216-BF6F-E4AF1F275C4C}.Release|Any CPU.ActiveCfg = Release|Any CPU
		{3B379B7A-90AF-4216-BF6F-E4AF1F275C4C}.Release|Any CPU.Build.0 = Release|Any CPU
	EndGlobalSection
	GlobalSection(SolutionProperties) = preSolution
		HideSolutionNode = FALSE
	EndGlobalSection
	GlobalSection(ExtensibilityGlobals) = postSolution
		SolutionGuid = {A5A8B924-65B1-4729-A2CA-5122429A33B6}
	EndGlobalSection
EndGlobal
