
Microsoft Visual Studio Solution File, Format Version 12.00
# Visual Studio Version 16
VisualStudioVersion = 16.0.30011.22
MinimumVisualStudioVersion = 10.0.40219.1
Project("{FAE04EC0-301F-11D3-BF4B-00C04F79EFBC}") = "LocalFunctionsExample", "LocalFunctionsExample\LocalFunctionsExample.csproj", "{3E9BBB68-A743-4770-AE0A-F2FC319AD680}"
EndProject
Global
	GlobalSection(SolutionConfigurationPlatforms) = preSolution
		Debug|Any CPU = Debug|Any CPU
		Release|Any CPU = Release|Any CPU
	EndGlobalSection
	GlobalSection(ProjectConfigurationPlatforms) = postSolution
		{3E9BBB68-A743-4770-AE0A-F2FC319AD680}.Debug|Any CPU.ActiveCfg = Debug|Any CPU
		{3E9BBB68-A743-4770-AE0A-F2FC319AD680}.Debug|Any CPU.Build.0 = Debug|Any CPU
		{3E9BBB68-A743-4770-AE0A-F2FC319AD680}.Release|Any CPU.ActiveCfg = Release|Any CPU
		{3E9BBB68-A743-4770-AE0A-F2FC319AD680}.Release|Any CPU.Build.0 = Release|Any CPU
	EndGlobalSection
	GlobalSection(SolutionProperties) = preSolution
		HideSolutionNode = FALSE
	EndGlobalSection
	GlobalSection(ExtensibilityGlobals) = postSolution
		SolutionGuid = {62ADB48D-80C0-4858-9F5B-F71613F30F9B}
	EndGlobalSection
EndGlobal
