
Microsoft Visual Studio Solution File, Format Version 12.00
# Visual Studio Version 16
VisualStudioVersion = 16.0.30011.22
MinimumVisualStudioVersion = 10.0.40219.1
Project("{FAE04EC0-301F-11D3-BF4B-00C04F79EFBC}") = "PrimitiveTypesAsStructures", "PrimitiveTypesAsStructures\PrimitiveTypesAsStructures.csproj", "{FA582C68-E9FF-4C77-8083-82E5C01201DB}"
EndProject
Global
	GlobalSection(SolutionConfigurationPlatforms) = preSolution
		Debug|Any CPU = Debug|Any CPU
		Release|Any CPU = Release|Any CPU
	EndGlobalSection
	GlobalSection(ProjectConfigurationPlatforms) = postSolution
		{FA582C68-E9FF-4C77-8083-82E5C01201DB}.Debug|Any CPU.ActiveCfg = Debug|Any CPU
		{FA582C68-E9FF-4C77-8083-82E5C01201DB}.Debug|Any CPU.Build.0 = Debug|Any CPU
		{FA582C68-E9FF-4C77-8083-82E5C01201DB}.Release|Any CPU.ActiveCfg = Release|Any CPU
		{FA582C68-E9FF-4C77-8083-82E5C01201DB}.Release|Any CPU.Build.0 = Release|Any CPU
	EndGlobalSection
	GlobalSection(SolutionProperties) = preSolution
		HideSolutionNode = FALSE
	EndGlobalSection
	GlobalSection(ExtensibilityGlobals) = postSolution
		SolutionGuid = {73D5E88A-D509-410C-BDFE-121F920134A4}
	EndGlobalSection
EndGlobal
