
Microsoft Visual Studio Solution File, Format Version 12.00
# Visual Studio Version 16
VisualStudioVersion = 16.0.31702.278
MinimumVisualStudioVersion = 10.0.40219.1
Project("{FAE04EC0-301F-11D3-BF4B-00C04F79EFBC}") = "StreamWriterReaderExample", "StreamWriterReaderExample\StreamWriterReaderExample.csproj", "{AB5DC74D-53FB-4904-9886-E2E33B83598C}"
EndProject
Global
	GlobalSection(SolutionConfigurationPlatforms) = preSolution
		Debug|Any CPU = Debug|Any CPU
		Release|Any CPU = Release|Any CPU
	EndGlobalSection
	GlobalSection(ProjectConfigurationPlatforms) = postSolution
		{AB5DC74D-53FB-4904-9886-E2E33B83598C}.Debug|Any CPU.ActiveCfg = Debug|Any CPU
		{AB5DC74D-53FB-4904-9886-E2E33B83598C}.Debug|Any CPU.Build.0 = Debug|Any CPU
		{AB5DC74D-53FB-4904-9886-E2E33B83598C}.Release|Any CPU.ActiveCfg = Release|Any CPU
		{AB5DC74D-53FB-4904-9886-E2E33B83598C}.Release|Any CPU.Build.0 = Release|Any CPU
	EndGlobalSection
	GlobalSection(SolutionProperties) = preSolution
		HideSolutionNode = FALSE
	EndGlobalSection
	GlobalSection(ExtensibilityGlobals) = postSolution
		SolutionGuid = {99870FB2-2753-4C08-9D88-DF2112F04503}
	EndGlobalSection
EndGlobal
