
Microsoft Visual Studio Solution File, Format Version 12.00
# Visual Studio Version 16
VisualStudioVersion = 16.0.29920.165
MinimumVisualStudioVersion = 10.0.40219.1
Project("{FAE04EC0-301F-11D3-BF4B-00C04F79EFBC}") = "NestedIfExample", "NestedIfExample\NestedIfExample.csproj", "{FE043EE2-0E4E-471D-8763-CD0606D5712D}"
EndProject
Global
	GlobalSection(SolutionConfigurationPlatforms) = preSolution
		Debug|Any CPU = Debug|Any CPU
		Release|Any CPU = Release|Any CPU
	EndGlobalSection
	GlobalSection(ProjectConfigurationPlatforms) = postSolution
		{FE043EE2-0E4E-471D-8763-CD0606D5712D}.Debug|Any CPU.ActiveCfg = Debug|Any CPU
		{FE043EE2-0E4E-471D-8763-CD0606D5712D}.Debug|Any CPU.Build.0 = Debug|Any CPU
		{FE043EE2-0E4E-471D-8763-CD0606D5712D}.Release|Any CPU.ActiveCfg = Release|Any CPU
		{FE043EE2-0E4E-471D-8763-CD0606D5712D}.Release|Any CPU.Build.0 = Release|Any CPU
	EndGlobalSection
	GlobalSection(SolutionProperties) = preSolution
		HideSolutionNode = FALSE
	EndGlobalSection
	GlobalSection(ExtensibilityGlobals) = postSolution
		SolutionGuid = {AF1779FB-F3D6-4EA3-8EEF-D425A1AF8D0F}
	EndGlobalSection
EndGlobal
