
Microsoft Visual Studio Solution File, Format Version 12.00
# Visual Studio Version 16
VisualStudioVersion = 16.0.29920.165
MinimumVisualStudioVersion = 10.0.40219.1
Project("{FAE04EC0-301F-11D3-BF4B-00C04F79EFBC}") = "SwitchCaseExample", "SwitchCaseExample\SwitchCaseExample.csproj", "{6468921B-C010-41B0-A656-2F89AFE6ADF0}"
EndProject
Global
	GlobalSection(SolutionConfigurationPlatforms) = preSolution
		Debug|Any CPU = Debug|Any CPU
		Release|Any CPU = Release|Any CPU
	EndGlobalSection
	GlobalSection(ProjectConfigurationPlatforms) = postSolution
		{6468921B-C010-41B0-A656-2F89AFE6ADF0}.Debug|Any CPU.ActiveCfg = Debug|Any CPU
		{6468921B-C010-41B0-A656-2F89AFE6ADF0}.Debug|Any CPU.Build.0 = Debug|Any CPU
		{6468921B-C010-41B0-A656-2F89AFE6ADF0}.Release|Any CPU.ActiveCfg = Release|Any CPU
		{6468921B-C010-41B0-A656-2F89AFE6ADF0}.Release|Any CPU.Build.0 = Release|Any CPU
	EndGlobalSection
	GlobalSection(SolutionProperties) = preSolution
		HideSolutionNode = FALSE
	EndGlobalSection
	GlobalSection(ExtensibilityGlobals) = postSolution
		SolutionGuid = {2416AD9E-D9B3-4B1A-9974-B5672AF44D0E}
	EndGlobalSection
EndGlobal
