
Microsoft Visual Studio Solution File, Format Version 12.00
# Visual Studio Version 16
VisualStudioVersion = 16.0.30413.136
MinimumVisualStudioVersion = 10.0.40219.1
Project("{FAE04EC0-301F-11D3-BF4B-00C04F79EFBC}") = "ConvertAllExample", "ConvertAllExample\ConvertAllExample.csproj", "{A605AE42-D05F-4FA0-991A-A35BC0A550E5}"
EndProject
Global
	GlobalSection(SolutionConfigurationPlatforms) = preSolution
		Debug|Any CPU = Debug|Any CPU
		Release|Any CPU = Release|Any CPU
	EndGlobalSection
	GlobalSection(ProjectConfigurationPlatforms) = postSolution
		{A605AE42-D05F-4FA0-991A-A35BC0A550E5}.Debug|Any CPU.ActiveCfg = Debug|Any CPU
		{A605AE42-D05F-4FA0-991A-A35BC0A550E5}.Debug|Any CPU.Build.0 = Debug|Any CPU
		{A605AE42-D05F-4FA0-991A-A35BC0A550E5}.Release|Any CPU.ActiveCfg = Release|Any CPU
		{A605AE42-D05F-4FA0-991A-A35BC0A550E5}.Release|Any CPU.Build.0 = Release|Any CPU
	EndGlobalSection
	GlobalSection(SolutionProperties) = preSolution
		HideSolutionNode = FALSE
	EndGlobalSection
	GlobalSection(ExtensibilityGlobals) = postSolution
		SolutionGuid = {CC3D406C-E478-4178-9F42-CBD0B018BC52}
	EndGlobalSection
EndGlobal
