
Microsoft Visual Studio Solution File, Format Version 12.00
# Visual Studio Version 16
VisualStudioVersion = 16.0.30204.135
MinimumVisualStudioVersion = 10.0.40219.1
Project("{FAE04EC0-301F-11D3-BF4B-00C04F79EFBC}") = "ClearExample", "ClearExample\ClearExample.csproj", "{1C6B1472-902F-42EE-97B4-3EAFE83B385D}"
EndProject
Global
	GlobalSection(SolutionConfigurationPlatforms) = preSolution
		Debug|Any CPU = Debug|Any CPU
		Release|Any CPU = Release|Any CPU
	EndGlobalSection
	GlobalSection(ProjectConfigurationPlatforms) = postSolution
		{1C6B1472-902F-42EE-97B4-3EAFE83B385D}.Debug|Any CPU.ActiveCfg = Debug|Any CPU
		{1C6B1472-902F-42EE-97B4-3EAFE83B385D}.Debug|Any CPU.Build.0 = Debug|Any CPU
		{1C6B1472-902F-42EE-97B4-3EAFE83B385D}.Release|Any CPU.ActiveCfg = Release|Any CPU
		{1C6B1472-902F-42EE-97B4-3EAFE83B385D}.Release|Any CPU.Build.0 = Release|Any CPU
	EndGlobalSection
	GlobalSection(SolutionProperties) = preSolution
		HideSolutionNode = FALSE
	EndGlobalSection
	GlobalSection(ExtensibilityGlobals) = postSolution
		SolutionGuid = {BB87C463-544D-4CF8-87D6-45ADB5E62408}
	EndGlobalSection
EndGlobal
