
Microsoft Visual Studio Solution File, Format Version 12.00
# Visual Studio Version 16
VisualStudioVersion = 16.0.30011.22
MinimumVisualStudioVersion = 10.0.40219.1
Project("{FAE04EC0-301F-11D3-BF4B-00C04F79EFBC}") = "ImplicitCastingExample", "ImplicitCastingExample\ImplicitCastingExample.csproj", "{3ADAA023-9A70-43B4-B2A4-7C5F1F4FB2DC}"
EndProject
Global
	GlobalSection(SolutionConfigurationPlatforms) = preSolution
		Debug|Any CPU = Debug|Any CPU
		Release|Any CPU = Release|Any CPU
	EndGlobalSection
	GlobalSection(ProjectConfigurationPlatforms) = postSolution
		{3ADAA023-9A70-43B4-B2A4-7C5F1F4FB2DC}.Debug|Any CPU.ActiveCfg = Debug|Any CPU
		{3ADAA023-9A70-43B4-B2A4-7C5F1F4FB2DC}.Debug|Any CPU.Build.0 = Debug|Any CPU
		{3ADAA023-9A70-43B4-B2A4-7C5F1F4FB2DC}.Release|Any CPU.ActiveCfg = Release|Any CPU
		{3ADAA023-9A70-43B4-B2A4-7C5F1F4FB2DC}.Release|Any CPU.Build.0 = Release|Any CPU
	EndGlobalSection
	GlobalSection(SolutionProperties) = preSolution
		HideSolutionNode = FALSE
	EndGlobalSection
	GlobalSection(ExtensibilityGlobals) = postSolution
		SolutionGuid = {F4CD1A69-768A-4542-A064-E9A197DEA833}
	EndGlobalSection
EndGlobal
