
Microsoft Visual Studio Solution File, Format Version 12.00
# Visual Studio Version 16
VisualStudioVersion = 16.0.31702.278
MinimumVisualStudioVersion = 10.0.40219.1
Project("{FAE04EC0-301F-11D3-BF4B-00C04F79EFBC}") = "AddingDatesExample", "AddingDatesExample\AddingDatesExample.csproj", "{09589C7C-7DD8-4D93-9238-4A82E6AB2B59}"
EndProject
Global
	GlobalSection(SolutionConfigurationPlatforms) = preSolution
		Debug|Any CPU = Debug|Any CPU
		Release|Any CPU = Release|Any CPU
	EndGlobalSection
	GlobalSection(ProjectConfigurationPlatforms) = postSolution
		{09589C7C-7DD8-4D93-9238-4A82E6AB2B59}.Debug|Any CPU.ActiveCfg = Debug|Any CPU
		{09589C7C-7DD8-4D93-9238-4A82E6AB2B59}.Debug|Any CPU.Build.0 = Debug|Any CPU
		{09589C7C-7DD8-4D93-9238-4A82E6AB2B59}.Release|Any CPU.ActiveCfg = Release|Any CPU
		{09589C7C-7DD8-4D93-9238-4A82E6AB2B59}.Release|Any CPU.Build.0 = Release|Any CPU
	EndGlobalSection
	GlobalSection(SolutionProperties) = preSolution
		HideSolutionNode = FALSE
	EndGlobalSection
	GlobalSection(ExtensibilityGlobals) = postSolution
		SolutionGuid = {08DA9935-7756-4571-89F4-FDD826646DEA}
	EndGlobalSection
EndGlobal
