
Microsoft Visual Studio Solution File, Format Version 12.00
# Visual Studio Version 16
VisualStudioVersion = 16.0.31702.278
MinimumVisualStudioVersion = 10.0.40219.1
Project("{FAE04EC0-301F-11D3-BF4B-00C04F79EFBC}") = "RegExpExample", "RegExpExample\RegExpExample.csproj", "{DF12CD4C-F5E5-400B-AD93-D9DFDEF0FC40}"
EndProject
Global
	GlobalSection(SolutionConfigurationPlatforms) = preSolution
		Debug|Any CPU = Debug|Any CPU
		Release|Any CPU = Release|Any CPU
	EndGlobalSection
	GlobalSection(ProjectConfigurationPlatforms) = postSolution
		{DF12CD4C-F5E5-400B-AD93-D9DFDEF0FC40}.Debug|Any CPU.ActiveCfg = Debug|Any CPU
		{DF12CD4C-F5E5-400B-AD93-D9DFDEF0FC40}.Debug|Any CPU.Build.0 = Debug|Any CPU
		{DF12CD4C-F5E5-400B-AD93-D9DFDEF0FC40}.Release|Any CPU.ActiveCfg = Release|Any CPU
		{DF12CD4C-F5E5-400B-AD93-D9DFDEF0FC40}.Release|Any CPU.Build.0 = Release|Any CPU
	EndGlobalSection
	GlobalSection(SolutionProperties) = preSolution
		HideSolutionNode = FALSE
	EndGlobalSection
	GlobalSection(ExtensibilityGlobals) = postSolution
		SolutionGuid = {7368E374-798D-4439-86F2-10E645F7C98D}
	EndGlobalSection
EndGlobal
