
Microsoft Visual Studio Solution File, Format Version 12.00
# Visual Studio Version 17
VisualStudioVersion = 17.10.35027.167
MinimumVisualStudioVersion = 10.0.40219.1
Project("{FAE04EC0-301F-11D3-BF4B-00C04F79EFBC}") = "ListPatternExample", "ListPatternExample\ListPatternExample.csproj", "{60C7CB1E-FDAE-4CFA-8440-2348FB267968}"
EndProject
Global
	GlobalSection(SolutionConfigurationPlatforms) = preSolution
		Debug|Any CPU = Debug|Any CPU
		Release|Any CPU = Release|Any CPU
	EndGlobalSection
	GlobalSection(ProjectConfigurationPlatforms) = postSolution
		{60C7CB1E-FDAE-4CFA-8440-2348FB267968}.Debug|Any CPU.ActiveCfg = Debug|Any CPU
		{60C7CB1E-FDAE-4CFA-8440-2348FB267968}.Debug|Any CPU.Build.0 = Debug|Any CPU
		{60C7CB1E-FDAE-4CFA-8440-2348FB267968}.Release|Any CPU.ActiveCfg = Release|Any CPU
		{60C7CB1E-FDAE-4CFA-8440-2348FB267968}.Release|Any CPU.Build.0 = Release|Any CPU
	EndGlobalSection
	GlobalSection(SolutionProperties) = preSolution
		HideSolutionNode = FALSE
	EndGlobalSection
	GlobalSection(ExtensibilityGlobals) = postSolution
		SolutionGuid = {BB13146F-1F62-4B9E-B40B-36D1FE817538}
	EndGlobalSection
EndGlobal
