
Microsoft Visual Studio Solution File, Format Version 12.00
# Visual Studio Version 16
VisualStudioVersion = 16.0.30011.22
MinimumVisualStudioVersion = 10.0.40219.1
Project("{FAE04EC0-301F-11D3-BF4B-00C04F79EFBC}") = "ExplicitCastingExample", "ExplicitCastingExample\ExplicitCastingExample.csproj", "{362D40D6-D149-4D1F-8208-AFBEEF91CF1B}"
EndProject
Global
	GlobalSection(SolutionConfigurationPlatforms) = preSolution
		Debug|Any CPU = Debug|Any CPU
		Release|Any CPU = Release|Any CPU
	EndGlobalSection
	GlobalSection(ProjectConfigurationPlatforms) = postSolution
		{362D40D6-D149-4D1F-8208-AFBEEF91CF1B}.Debug|Any CPU.ActiveCfg = Debug|Any CPU
		{362D40D6-D149-4D1F-8208-AFBEEF91CF1B}.Debug|Any CPU.Build.0 = Debug|Any CPU
		{362D40D6-D149-4D1F-8208-AFBEEF91CF1B}.Release|Any CPU.ActiveCfg = Release|Any CPU
		{362D40D6-D149-4D1F-8208-AFBEEF91CF1B}.Release|Any CPU.Build.0 = Release|Any CPU
	EndGlobalSection
	GlobalSection(SolutionProperties) = preSolution
		HideSolutionNode = FALSE
	EndGlobalSection
	GlobalSection(ExtensibilityGlobals) = postSolution
		SolutionGuid = {7B81ABA3-DA9F-4205-919B-78EFA2896117}
	EndGlobalSection
EndGlobal
