
Microsoft Visual Studio Solution File, Format Version 12.00
# Visual Studio Version 16
VisualStudioVersion = 16.0.30413.136
MinimumVisualStudioVersion = 10.0.40219.1
Project("{FAE04EC0-301F-11D3-BF4B-00C04F79EFBC}") = "AnonymousObjectsExample", "AnonymousObjectsExample\AnonymousObjectsExample.csproj", "{57C4514C-4053-44E6-81D5-F0AA0CEFE9BC}"
EndProject
Project("{FAE04EC0-301F-11D3-BF4B-00C04F79EFBC}") = "ClassLibrary1", "ClassLibrary1\ClassLibrary1.csproj", "{61A8F349-A843-4268-8C22-F0CA264134E9}"
EndProject
Global
	GlobalSection(SolutionConfigurationPlatforms) = preSolution
		Debug|Any CPU = Debug|Any CPU
		Release|Any CPU = Release|Any CPU
	EndGlobalSection
	GlobalSection(ProjectConfigurationPlatforms) = postSolution
		{57C4514C-4053-44E6-81D5-F0AA0CEFE9BC}.Debug|Any CPU.ActiveCfg = Debug|Any CPU
		{57C4514C-4053-44E6-81D5-F0AA0CEFE9BC}.Debug|Any CPU.Build.0 = Debug|Any CPU
		{57C4514C-4053-44E6-81D5-F0AA0CEFE9BC}.Release|Any CPU.ActiveCfg = Release|Any CPU
		{57C4514C-4053-44E6-81D5-F0AA0CEFE9BC}.Release|Any CPU.Build.0 = Release|Any CPU
		{61A8F349-A843-4268-8C22-F0CA264134E9}.Debug|Any CPU.ActiveCfg = Debug|Any CPU
		{61A8F349-A843-4268-8C22-F0CA264134E9}.Debug|Any CPU.Build.0 = Debug|Any CPU
		{61A8F349-A843-4268-8C22-F0CA264134E9}.Release|Any CPU.ActiveCfg = Release|Any CPU
		{61A8F349-A843-4268-8C22-F0CA264134E9}.Release|Any CPU.Build.0 = Release|Any CPU
	EndGlobalSection
	GlobalSection(SolutionProperties) = preSolution
		HideSolutionNode = FALSE
	EndGlobalSection
	GlobalSection(ExtensibilityGlobals) = postSolution
		SolutionGuid = {4C6BC4BA-E0A0-4962-BCC9-06E9E65E8A0E}
	EndGlobalSection
EndGlobal
