
Microsoft Visual Studio Solution File, Format Version 12.00
# Visual Studio Version 16
VisualStudioVersion = 16.0.30002.166
MinimumVisualStudioVersion = 10.0.40219.1
Project("{FAE04EC0-301F-11D3-BF4B-00C04F79EFBC}") = "HarshaBank.Presentation", "HarshaBank.Presentation\HarshaBank.Presentation.csproj", "{5AB77F9B-E77B-4339-868C-6E7C13B5641F}"
EndProject
Global
	GlobalSection(SolutionConfigurationPlatforms) = preSolution
		Debug|Any CPU = Debug|Any CPU
		Release|Any CPU = Release|Any CPU
	EndGlobalSection
	GlobalSection(ProjectConfigurationPlatforms) = postSolution
		{5AB77F9B-E77B-4339-868C-6E7C13B5641F}.Debug|Any CPU.ActiveCfg = Debug|Any CPU
		{5AB77F9B-E77B-4339-868C-6E7C13B5641F}.Debug|Any CPU.Build.0 = Debug|Any CPU
		{5AB77F9B-E77B-4339-868C-6E7C13B5641F}.Release|Any CPU.ActiveCfg = Release|Any CPU
		{5AB77F9B-E77B-4339-868C-6E7C13B5641F}.Release|Any CPU.Build.0 = Release|Any CPU
	EndGlobalSection
	GlobalSection(SolutionProperties) = preSolution
		HideSolutionNode = FALSE
	EndGlobalSection
	GlobalSection(ExtensibilityGlobals) = postSolution
		SolutionGuid = {BEA7B218-EFE3-43F2-835E-D19B0EE5E1A9}
	EndGlobalSection
EndGlobal
