
Microsoft Visual Studio Solution File, Format Version 12.00
# Visual Studio Version 16
VisualStudioVersion = 16.0.30413.136
MinimumVisualStudioVersion = 10.0.40219.1
Project("{FAE04EC0-301F-11D3-BF4B-00C04F79EFBC}") = "DictionaryExample", "DictionaryExample\DictionaryExample.csproj", "{BBBB128F-FA27-4671-8076-F852F2DD4A70}"
EndProject
Global
	GlobalSection(SolutionConfigurationPlatforms) = preSolution
		Debug|Any CPU = Debug|Any CPU
		Release|Any CPU = Release|Any CPU
	EndGlobalSection
	GlobalSection(ProjectConfigurationPlatforms) = postSolution
		{BBBB128F-FA27-4671-8076-F852F2DD4A70}.Debug|Any CPU.ActiveCfg = Debug|Any CPU
		{BBBB128F-FA27-4671-8076-F852F2DD4A70}.Debug|Any CPU.Build.0 = Debug|Any CPU
		{BBBB128F-FA27-4671-8076-F852F2DD4A70}.Release|Any CPU.ActiveCfg = Release|Any CPU
		{BBBB128F-FA27-4671-8076-F852F2DD4A70}.Release|Any CPU.Build.0 = Release|Any CPU
	EndGlobalSection
	GlobalSection(SolutionProperties) = preSolution
		HideSolutionNode = FALSE
	EndGlobalSection
	GlobalSection(ExtensibilityGlobals) = postSolution
		SolutionGuid = {E54B1A8D-ED18-488F-89DA-E70CD4BB00DA}
	EndGlobalSection
EndGlobal
