
Microsoft Visual Studio Solution File, Format Version 12.00
# Visual Studio Version 16
VisualStudioVersion = 16.0.30204.135
MinimumVisualStudioVersion = 10.0.40219.1
Project("{FAE04EC0-301F-11D3-BF4B-00C04F79EFBC}") = "BinarySearchExample", "BinarySearchExample\BinarySearchExample.csproj", "{D71626E5-F45C-4648-9E1B-1A1BBDAEDA54}"
EndProject
Global
	GlobalSection(SolutionConfigurationPlatforms) = preSolution
		Debug|Any CPU = Debug|Any CPU
		Release|Any CPU = Release|Any CPU
	EndGlobalSection
	GlobalSection(ProjectConfigurationPlatforms) = postSolution
		{D71626E5-F45C-4648-9E1B-1A1BBDAEDA54}.Debug|Any CPU.ActiveCfg = Debug|Any CPU
		{D71626E5-F45C-4648-9E1B-1A1BBDAEDA54}.Debug|Any CPU.Build.0 = Debug|Any CPU
		{D71626E5-F45C-4648-9E1B-1A1BBDAEDA54}.Release|Any CPU.ActiveCfg = Release|Any CPU
		{D71626E5-F45C-4648-9E1B-1A1BBDAEDA54}.Release|Any CPU.Build.0 = Release|Any CPU
	EndGlobalSection
	GlobalSection(SolutionProperties) = preSolution
		HideSolutionNode = FALSE
	EndGlobalSection
	GlobalSection(ExtensibilityGlobals) = postSolution
		SolutionGuid = {18B7746E-E36C-462F-B405-91D9D5F9EE30}
	EndGlobalSection
EndGlobal
