
Microsoft Visual Studio Solution File, Format Version 12.00
# Visual Studio Version 16
VisualStudioVersion = 16.0.30011.22
MinimumVisualStudioVersion = 10.0.40219.1
Project("{FAE04EC0-301F-11D3-BF4B-00C04F79EFBC}") = "ParamsExample", "ParamsExample\ParamsExample.csproj", "{2ACCAA77-38EE-40BB-AB79-4E2A175BC119}"
EndProject
Global
	GlobalSection(SolutionConfigurationPlatforms) = preSolution
		Debug|Any CPU = Debug|Any CPU
		Release|Any CPU = Release|Any CPU
	EndGlobalSection
	GlobalSection(ProjectConfigurationPlatforms) = postSolution
		{2ACCAA77-38EE-40BB-AB79-4E2A175BC119}.Debug|Any CPU.ActiveCfg = Debug|Any CPU
		{2ACCAA77-38EE-40BB-AB79-4E2A175BC119}.Debug|Any CPU.Build.0 = Debug|Any CPU
		{2ACCAA77-38EE-40BB-AB79-4E2A175BC119}.Release|Any CPU.ActiveCfg = Release|Any CPU
		{2ACCAA77-38EE-40BB-AB79-4E2A175BC119}.Release|Any CPU.Build.0 = Release|Any CPU
	EndGlobalSection
	GlobalSection(SolutionProperties) = preSolution
		HideSolutionNode = FALSE
	EndGlobalSection
	GlobalSection(ExtensibilityGlobals) = postSolution
		SolutionGuid = {5A5DF3D2-D357-4541-92A7-05C9D03D82A6}
	EndGlobalSection
EndGlobal
