
Microsoft Visual Studio Solution File, Format Version 12.00
# Visual Studio Version 16
VisualStudioVersion = 16.0.31702.278
MinimumVisualStudioVersion = 10.0.40219.1
Project("{FAE04EC0-301F-11D3-BF4B-00C04F79EFBC}") = "FileReadWriteExample", "FileReadWriteExample\FileReadWriteExample.csproj", "{8BC1AACC-32A6-4FAA-BC4C-8C07C5542FB2}"
EndProject
Global
	GlobalSection(SolutionConfigurationPlatforms) = preSolution
		Debug|Any CPU = Debug|Any CPU
		Release|Any CPU = Release|Any CPU
	EndGlobalSection
	GlobalSection(ProjectConfigurationPlatforms) = postSolution
		{8BC1AACC-32A6-4FAA-BC4C-8C07C5542FB2}.Debug|Any CPU.ActiveCfg = Debug|Any CPU
		{8BC1AACC-32A6-4FAA-BC4C-8C07C5542FB2}.Debug|Any CPU.Build.0 = Debug|Any CPU
		{8BC1AACC-32A6-4FAA-BC4C-8C07C5542FB2}.Release|Any CPU.ActiveCfg = Release|Any CPU
		{8BC1AACC-32A6-4FAA-BC4C-8C07C5542FB2}.Release|Any CPU.Build.0 = Release|Any CPU
	EndGlobalSection
	GlobalSection(SolutionProperties) = preSolution
		HideSolutionNode = FALSE
	EndGlobalSection
	GlobalSection(ExtensibilityGlobals) = postSolution
		SolutionGuid = {F650D4E6-773B-418D-A027-ABD00A2693E2}
	EndGlobalSection
EndGlobal
