
Microsoft Visual Studio Solution File, Format Version 12.00
# Visual Studio Version 16
VisualStudioVersion = 16.0.31410.357
MinimumVisualStudioVersion = 10.0.40219.1
Project("{FAE04EC0-301F-11D3-BF4B-00C04F79EFBC}") = "CustomCollections", "CustomCollections\CustomCollections.csproj", "{2F7E58C2-A4C7-445B-8A1D-8A83A3EC144A}"
EndProject
Global
	GlobalSection(SolutionConfigurationPlatforms) = preSolution
		Debug|Any CPU = Debug|Any CPU
		Release|Any CPU = Release|Any CPU
	EndGlobalSection
	GlobalSection(ProjectConfigurationPlatforms) = postSolution
		{2F7E58C2-A4C7-445B-8A1D-8A83A3EC144A}.Debug|Any CPU.ActiveCfg = Debug|Any CPU
		{2F7E58C2-A4C7-445B-8A1D-8A83A3EC144A}.Debug|Any CPU.Build.0 = Debug|Any CPU
		{2F7E58C2-A4C7-445B-8A1D-8A83A3EC144A}.Release|Any CPU.ActiveCfg = Release|Any CPU
		{2F7E58C2-A4C7-445B-8A1D-8A83A3EC144A}.Release|Any CPU.Build.0 = Release|Any CPU
	EndGlobalSection
	GlobalSection(SolutionProperties) = preSolution
		HideSolutionNode = FALSE
	EndGlobalSection
	GlobalSection(ExtensibilityGlobals) = postSolution
		SolutionGuid = {68617745-A04D-4B17-9C88-237BB713C9E5}
	EndGlobalSection
EndGlobal
