
Microsoft Visual Studio Solution File, Format Version 12.00
# Visual Studio Version 16
VisualStudioVersion = 16.0.30011.22
MinimumVisualStudioVersion = 10.0.40219.1
Project("{FAE04EC0-301F-11D3-BF4B-00C04F79EFBC}") = "StructuresExample2", "StructuresExample2\StructuresExample2.csproj", "{697A2E72-C514-4ABE-99DE-EDE82A0A94D7}"
EndProject
Project("{FAE04EC0-301F-11D3-BF4B-00C04F79EFBC}") = "ClassLibrary1", "ClassLibrary1\ClassLibrary1.csproj", "{12CDF328-6040-4606-8B23-FB87E78FB51D}"
EndProject
Global
	GlobalSection(SolutionConfigurationPlatforms) = preSolution
		Debug|Any CPU = Debug|Any CPU
		Release|Any CPU = Release|Any CPU
	EndGlobalSection
	GlobalSection(ProjectConfigurationPlatforms) = postSolution
		{697A2E72-C514-4ABE-99DE-EDE82A0A94D7}.Debug|Any CPU.ActiveCfg = Debug|Any CPU
		{697A2E72-C514-4ABE-99DE-EDE82A0A94D7}.Debug|Any CPU.Build.0 = Debug|Any CPU
		{697A2E72-C514-4ABE-99DE-EDE82A0A94D7}.Release|Any CPU.ActiveCfg = Release|Any CPU
		{697A2E72-C514-4ABE-99DE-EDE82A0A94D7}.Release|Any CPU.Build.0 = Release|Any CPU
		{12CDF328-6040-4606-8B23-FB87E78FB51D}.Debug|Any CPU.ActiveCfg = Debug|Any CPU
		{12CDF328-6040-4606-8B23-FB87E78FB51D}.Debug|Any CPU.Build.0 = Debug|Any CPU
		{12CDF328-6040-4606-8B23-FB87E78FB51D}.Release|Any CPU.ActiveCfg = Release|Any CPU
		{12CDF328-6040-4606-8B23-FB87E78FB51D}.Release|Any CPU.Build.0 = Release|Any CPU
	EndGlobalSection
	GlobalSection(SolutionProperties) = preSolution
		HideSolutionNode = FALSE
	EndGlobalSection
	GlobalSection(ExtensibilityGlobals) = postSolution
		SolutionGuid = {F1FB6C0D-7B74-44D6-9348-37522A215CBD}
	EndGlobalSection
EndGlobal
