
Microsoft Visual Studio Solution File, Format Version 12.00
# Visual Studio Version 16
VisualStudioVersion = 16.0.31410.357
MinimumVisualStudioVersion = 10.0.40219.1
Project("{FAE04EC0-301F-11D3-BF4B-00C04F79EFBC}") = "StringExample", "StringExample\StringExample.csproj", "{F58CE880-5AFF-4823-B47D-7CE2B1725B88}"
EndProject
Global
	GlobalSection(SolutionConfigurationPlatforms) = preSolution
		Debug|Any CPU = Debug|Any CPU
		Release|Any CPU = Release|Any CPU
	EndGlobalSection
	GlobalSection(ProjectConfigurationPlatforms) = postSolution
		{F58CE880-5AFF-4823-B47D-7CE2B1725B88}.Debug|Any CPU.ActiveCfg = Debug|Any CPU
		{F58CE880-5AFF-4823-B47D-7CE2B1725B88}.Debug|Any CPU.Build.0 = Debug|Any CPU
		{F58CE880-5AFF-4823-B47D-7CE2B1725B88}.Release|Any CPU.ActiveCfg = Release|Any CPU
		{F58CE880-5AFF-4823-B47D-7CE2B1725B88}.Release|Any CPU.Build.0 = Release|Any CPU
	EndGlobalSection
	GlobalSection(SolutionProperties) = preSolution
		HideSolutionNode = FALSE
	EndGlobalSection
	GlobalSection(ExtensibilityGlobals) = postSolution
		SolutionGuid = {D5606343-5C51-42F2-B34D-9D631F99CB96}
	EndGlobalSection
EndGlobal
