
Microsoft Visual Studio Solution File, Format Version 12.00
# Visual Studio Version 17
VisualStudioVersion = 17.6.33829.357
MinimumVisualStudioVersion = 10.0.40219.1
Project("{FAE04EC0-301F-11D3-BF4B-00C04F79EFBC}") = "IndexFromEndExample", "IndexFromEndExample\IndexFromEndExample.csproj", "{F2BC6018-A45F-4AA9-909A-BCC97B933618}"
EndProject
Global
	GlobalSection(SolutionConfigurationPlatforms) = preSolution
		Debug|Any CPU = Debug|Any CPU
		Release|Any CPU = Release|Any CPU
	EndGlobalSection
	GlobalSection(ProjectConfigurationPlatforms) = postSolution
		{F2BC6018-A45F-4AA9-909A-BCC97B933618}.Debug|Any CPU.ActiveCfg = Debug|Any CPU
		{F2BC6018-A45F-4AA9-909A-BCC97B933618}.Debug|Any CPU.Build.0 = Debug|Any CPU
		{F2BC6018-A45F-4AA9-909A-BCC97B933618}.Release|Any CPU.ActiveCfg = Release|Any CPU
		{F2BC6018-A45F-4AA9-909A-BCC97B933618}.Release|Any CPU.Build.0 = Release|Any CPU
	EndGlobalSection
	GlobalSection(SolutionProperties) = preSolution
		HideSolutionNode = FALSE
	EndGlobalSection
	GlobalSection(ExtensibilityGlobals) = postSolution
		SolutionGuid = {572ECCE7-AB7A-40B9-A502-FC38364D8551}
	EndGlobalSection
EndGlobal
