
Microsoft Visual Studio Solution File, Format Version 12.00
# Visual Studio Version 16
VisualStudioVersion = 16.0.31702.278
MinimumVisualStudioVersion = 10.0.40219.1
Project("{FAE04EC0-301F-11D3-BF4B-00C04F79EFBC}") = "CustomExceptionExample", "CustomExceptionExample\CustomExceptionExample.csproj", "{F84A55A8-01B1-4AF1-8572-ED129D61445A}"
EndProject
Global
	GlobalSection(SolutionConfigurationPlatforms) = preSolution
		Debug|Any CPU = Debug|Any CPU
		Release|Any CPU = Release|Any CPU
	EndGlobalSection
	GlobalSection(ProjectConfigurationPlatforms) = postSolution
		{F84A55A8-01B1-4AF1-8572-ED129D61445A}.Debug|Any CPU.ActiveCfg = Debug|Any CPU
		{F84A55A8-01B1-4AF1-8572-ED129D61445A}.Debug|Any CPU.Build.0 = Debug|Any CPU
		{F84A55A8-01B1-4AF1-8572-ED129D61445A}.Release|Any CPU.ActiveCfg = Release|Any CPU
		{F84A55A8-01B1-4AF1-8572-ED129D61445A}.Release|Any CPU.Build.0 = Release|Any CPU
	EndGlobalSection
	GlobalSection(SolutionProperties) = preSolution
		HideSolutionNode = FALSE
	EndGlobalSection
	GlobalSection(ExtensibilityGlobals) = postSolution
		SolutionGuid = {88B76AA3-1F75-48DF-9194-F09577D2362E}
	EndGlobalSection
EndGlobal
