
Microsoft Visual Studio Solution File, Format Version 12.00
# Visual Studio Version 16
VisualStudioVersion = 16.0.31702.278
MinimumVisualStudioVersion = 10.0.40219.1
Project("{FAE04EC0-301F-11D3-BF4B-00C04F79EFBC}") = "CatchWhenExample", "CatchWhenExample\CatchWhenExample.csproj", "{81300981-3250-48B7-B454-D59290CBFEAC}"
EndProject
Global
	GlobalSection(SolutionConfigurationPlatforms) = preSolution
		Debug|Any CPU = Debug|Any CPU
		Release|Any CPU = Release|Any CPU
	EndGlobalSection
	GlobalSection(ProjectConfigurationPlatforms) = postSolution
		{81300981-3250-48B7-B454-D59290CBFEAC}.Debug|Any CPU.ActiveCfg = Debug|Any CPU
		{81300981-3250-48B7-B454-D59290CBFEAC}.Debug|Any CPU.Build.0 = Debug|Any CPU
		{81300981-3250-48B7-B454-D59290CBFEAC}.Release|Any CPU.ActiveCfg = Release|Any CPU
		{81300981-3250-48B7-B454-D59290CBFEAC}.Release|Any CPU.Build.0 = Release|Any CPU
	EndGlobalSection
	GlobalSection(SolutionProperties) = preSolution
		HideSolutionNode = FALSE
	EndGlobalSection
	GlobalSection(ExtensibilityGlobals) = postSolution
		SolutionGuid = {2496D308-5BE3-4D95-A42A-0CE2F06E2EDA}
	EndGlobalSection
EndGlobal
