
Microsoft Visual Studio Solution File, Format Version 12.00
# Visual Studio Version 16
VisualStudioVersion = 16.0.30204.135
MinimumVisualStudioVersion = 10.0.40219.1
Project("{FAE04EC0-301F-11D3-BF4B-00C04F79EFBC}") = "ReverseExample", "ReverseExample\ReverseExample.csproj", "{683C6F34-E97D-48BE-A809-BB769B00D9E1}"
EndProject
Global
	GlobalSection(SolutionConfigurationPlatforms) = preSolution
		Debug|Any CPU = Debug|Any CPU
		Release|Any CPU = Release|Any CPU
	EndGlobalSection
	GlobalSection(ProjectConfigurationPlatforms) = postSolution
		{683C6F34-E97D-48BE-A809-BB769B00D9E1}.Debug|Any CPU.ActiveCfg = Debug|Any CPU
		{683C6F34-E97D-48BE-A809-BB769B00D9E1}.Debug|Any CPU.Build.0 = Debug|Any CPU
		{683C6F34-E97D-48BE-A809-BB769B00D9E1}.Release|Any CPU.ActiveCfg = Release|Any CPU
		{683C6F34-E97D-48BE-A809-BB769B00D9E1}.Release|Any CPU.Build.0 = Release|Any CPU
	EndGlobalSection
	GlobalSection(SolutionProperties) = preSolution
		HideSolutionNode = FALSE
	EndGlobalSection
	GlobalSection(ExtensibilityGlobals) = postSolution
		SolutionGuid = {6E94FA0E-93E3-4B55-996C-EDB0BA9311E2}
	EndGlobalSection
EndGlobal
