
Microsoft Visual Studio Solution File, Format Version 12.00
# Visual Studio Version 16
VisualStudioVersion = 16.0.31410.357
MinimumVisualStudioVersion = 10.0.40219.1
Project("{FAE04EC0-301F-11D3-BF4B-00C04F79EFBC}") = "CheckingStringsExample", "CheckingStringsExample\CheckingStringsExample.csproj", "{DC64F22A-2D44-4F8E-9AA4-114CC7E73D23}"
EndProject
Global
	GlobalSection(SolutionConfigurationPlatforms) = preSolution
		Debug|Any CPU = Debug|Any CPU
		Release|Any CPU = Release|Any CPU
	EndGlobalSection
	GlobalSection(ProjectConfigurationPlatforms) = postSolution
		{DC64F22A-2D44-4F8E-9AA4-114CC7E73D23}.Debug|Any CPU.ActiveCfg = Debug|Any CPU
		{DC64F22A-2D44-4F8E-9AA4-114CC7E73D23}.Debug|Any CPU.Build.0 = Debug|Any CPU
		{DC64F22A-2D44-4F8E-9AA4-114CC7E73D23}.Release|Any CPU.ActiveCfg = Release|Any CPU
		{DC64F22A-2D44-4F8E-9AA4-114CC7E73D23}.Release|Any CPU.Build.0 = Release|Any CPU
	EndGlobalSection
	GlobalSection(SolutionProperties) = preSolution
		HideSolutionNode = FALSE
	EndGlobalSection
	GlobalSection(ExtensibilityGlobals) = postSolution
		SolutionGuid = {35348AFA-1907-4F72-8328-66E004D358B1}
	EndGlobalSection
EndGlobal
