
Microsoft Visual Studio Solution File, Format Version 12.00
# Visual Studio Version 16
VisualStudioVersion = 16.0.31702.278
MinimumVisualStudioVersion = 10.0.40219.1
Project("{FAE04EC0-301F-11D3-BF4B-00C04F79EFBC}") = "SubtractDateExample", "SubtractDateExample\SubtractDateExample.csproj", "{C43EAC9C-A2EB-4D3D-A32B-462916FE90B1}"
EndProject
Global
	GlobalSection(SolutionConfigurationPlatforms) = preSolution
		Debug|Any CPU = Debug|Any CPU
		Release|Any CPU = Release|Any CPU
	EndGlobalSection
	GlobalSection(ProjectConfigurationPlatforms) = postSolution
		{C43EAC9C-A2EB-4D3D-A32B-462916FE90B1}.Debug|Any CPU.ActiveCfg = Debug|Any CPU
		{C43EAC9C-A2EB-4D3D-A32B-462916FE90B1}.Debug|Any CPU.Build.0 = Debug|Any CPU
		{C43EAC9C-A2EB-4D3D-A32B-462916FE90B1}.Release|Any CPU.ActiveCfg = Release|Any CPU
		{C43EAC9C-A2EB-4D3D-A32B-462916FE90B1}.Release|Any CPU.Build.0 = Release|Any CPU
	EndGlobalSection
	GlobalSection(SolutionProperties) = preSolution
		HideSolutionNode = FALSE
	EndGlobalSection
	GlobalSection(ExtensibilityGlobals) = postSolution
		SolutionGuid = {A1E785D4-912B-45C6-9EFA-9C25AD0F72A6}
	EndGlobalSection
EndGlobal
