
Microsoft Visual Studio Solution File, Format Version 12.00
# Visual Studio Version 16
VisualStudioVersion = 16.0.31410.357
MinimumVisualStudioVersion = 10.0.40219.1
Project("{FAE04EC0-301F-11D3-BF4B-00C04F79EFBC}") = "StringObjectsExample", "StringObjectsExample\StringObjectsExample.csproj", "{D6425A8C-4504-4807-A124-CA92DC921639}"
EndProject
Global
	GlobalSection(SolutionConfigurationPlatforms) = preSolution
		Debug|Any CPU = Debug|Any CPU
		Release|Any CPU = Release|Any CPU
	EndGlobalSection
	GlobalSection(ProjectConfigurationPlatforms) = postSolution
		{D6425A8C-4504-4807-A124-CA92DC921639}.Debug|Any CPU.ActiveCfg = Debug|Any CPU
		{D6425A8C-4504-4807-A124-CA92DC921639}.Debug|Any CPU.Build.0 = Debug|Any CPU
		{D6425A8C-4504-4807-A124-CA92DC921639}.Release|Any CPU.ActiveCfg = Release|Any CPU
		{D6425A8C-4504-4807-A124-CA92DC921639}.Release|Any CPU.Build.0 = Release|Any CPU
	EndGlobalSection
	GlobalSection(SolutionProperties) = preSolution
		HideSolutionNode = FALSE
	EndGlobalSection
	GlobalSection(ExtensibilityGlobals) = postSolution
		SolutionGuid = {0E833730-2AD2-40C1-9304-9BB881C4D00B}
	EndGlobalSection
EndGlobal
