
Microsoft Visual Studio Solution File, Format Version 12.00
# Visual Studio Version 16
VisualStudioVersion = 16.0.31410.357
MinimumVisualStudioVersion = 10.0.40219.1
Project("{FAE04EC0-301F-11D3-BF4B-00C04F79EFBC}") = "ICollectionExample", "ICollectionExample\ICollectionExample.csproj", "{19D866B9-BEC2-480A-9247-A44FA599FC31}"
EndProject
Global
	GlobalSection(SolutionConfigurationPlatforms) = preSolution
		Debug|Any CPU = Debug|Any CPU
		Release|Any CPU = Release|Any CPU
	EndGlobalSection
	GlobalSection(ProjectConfigurationPlatforms) = postSolution
		{19D866B9-BEC2-480A-9247-A44FA599FC31}.Debug|Any CPU.ActiveCfg = Debug|Any CPU
		{19D866B9-BEC2-480A-9247-A44FA599FC31}.Debug|Any CPU.Build.0 = Debug|Any CPU
		{19D866B9-BEC2-480A-9247-A44FA599FC31}.Release|Any CPU.ActiveCfg = Release|Any CPU
		{19D866B9-BEC2-480A-9247-A44FA599FC31}.Release|Any CPU.Build.0 = Release|Any CPU
	EndGlobalSection
	GlobalSection(SolutionProperties) = preSolution
		HideSolutionNode = FALSE
	EndGlobalSection
	GlobalSection(ExtensibilityGlobals) = postSolution
		SolutionGuid = {6635031B-2016-4118-8BBE-6EA44E3C964E}
	EndGlobalSection
EndGlobal
