
Microsoft Visual Studio Solution File, Format Version 12.00
# Visual Studio Version 17
VisualStudioVersion = 17.0.32014.148
MinimumVisualStudioVersion = 10.0.40219.1
Project("{FAE04EC0-301F-11D3-BF4B-00C04F79EFBC}") = "StaticAnonymousFunctions", "StaticAnonymousFunctions\StaticAnonymousFunctions.csproj", "{FF4B55B0-5187-41A4-BCA2-DAE9150F5B55}"
EndProject
Global
	GlobalSection(SolutionConfigurationPlatforms) = preSolution
		Debug|Any CPU = Debug|Any CPU
		Release|Any CPU = Release|Any CPU
	EndGlobalSection
	GlobalSection(ProjectConfigurationPlatforms) = postSolution
		{FF4B55B0-5187-41A4-BCA2-DAE9150F5B55}.Debug|Any CPU.ActiveCfg = Debug|Any CPU
		{FF4B55B0-5187-41A4-BCA2-DAE9150F5B55}.Debug|Any CPU.Build.0 = Debug|Any CPU
		{FF4B55B0-5187-41A4-BCA2-DAE9150F5B55}.Release|Any CPU.ActiveCfg = Release|Any CPU
		{FF4B55B0-5187-41A4-BCA2-DAE9150F5B55}.Release|Any CPU.Build.0 = Release|Any CPU
	EndGlobalSection
	GlobalSection(SolutionProperties) = preSolution
		HideSolutionNode = FALSE
	EndGlobalSection
	GlobalSection(ExtensibilityGlobals) = postSolution
		SolutionGuid = {64C643DE-9209-480A-BCE5-EC5656FC5F9C}
	EndGlobalSection
EndGlobal
