
Microsoft Visual Studio Solution File, Format Version 12.00
# Visual Studio Version 16
VisualStudioVersion = 16.0.30320.27
MinimumVisualStudioVersion = 10.0.40219.1
Project("{FAE04EC0-301F-11D3-BF4B-00C04F79EFBC}") = "ToArrayForEachExample", "ToArrayForEachExample\ToArrayForEachExample.csproj", "{E0D6D4C2-0D82-477E-803E-7314BB976444}"
EndProject
Global
	GlobalSection(SolutionConfigurationPlatforms) = preSolution
		Debug|Any CPU = Debug|Any CPU
		Release|Any CPU = Release|Any CPU
	EndGlobalSection
	GlobalSection(ProjectConfigurationPlatforms) = postSolution
		{E0D6D4C2-0D82-477E-803E-7314BB976444}.Debug|Any CPU.ActiveCfg = Debug|Any CPU
		{E0D6D4C2-0D82-477E-803E-7314BB976444}.Debug|Any CPU.Build.0 = Debug|Any CPU
		{E0D6D4C2-0D82-477E-803E-7314BB976444}.Release|Any CPU.ActiveCfg = Release|Any CPU
		{E0D6D4C2-0D82-477E-803E-7314BB976444}.Release|Any CPU.Build.0 = Release|Any CPU
	EndGlobalSection
	GlobalSection(SolutionProperties) = preSolution
		HideSolutionNode = FALSE
	EndGlobalSection
	GlobalSection(ExtensibilityGlobals) = postSolution
		SolutionGuid = {2BCB70E6-B6DD-47CA-8177-D741F8588167}
	EndGlobalSection
EndGlobal
