
Microsoft Visual Studio Solution File, Format Version 12.00
# Visual Studio Version 16
VisualStudioVersion = 16.0.30413.136
MinimumVisualStudioVersion = 10.0.40219.1
Project("{FAE04EC0-301F-11D3-BF4B-00C04F79EFBC}") = "TupleExample", "TupleExample\TupleExample.csproj", "{CA3EB68C-0CAA-46F4-91F6-E2EB1CB596CB}"
EndProject
Global
	GlobalSection(SolutionConfigurationPlatforms) = preSolution
		Debug|Any CPU = Debug|Any CPU
		Release|Any CPU = Release|Any CPU
	EndGlobalSection
	GlobalSection(ProjectConfigurationPlatforms) = postSolution
		{CA3EB68C-0CAA-46F4-91F6-E2EB1CB596CB}.Debug|Any CPU.ActiveCfg = Debug|Any CPU
		{CA3EB68C-0CAA-46F4-91F6-E2EB1CB596CB}.Debug|Any CPU.Build.0 = Debug|Any CPU
		{CA3EB68C-0CAA-46F4-91F6-E2EB1CB596CB}.Release|Any CPU.ActiveCfg = Release|Any CPU
		{CA3EB68C-0CAA-46F4-91F6-E2EB1CB596CB}.Release|Any CPU.Build.0 = Release|Any CPU
	EndGlobalSection
	GlobalSection(SolutionProperties) = preSolution
		HideSolutionNode = FALSE
	EndGlobalSection
	GlobalSection(ExtensibilityGlobals) = postSolution
		SolutionGuid = {B9CD33D6-EE2C-4EE4-A680-DB726BB6E581}
	EndGlobalSection
EndGlobal
