
Microsoft Visual Studio Solution File, Format Version 12.00
# Visual Studio Version 16
VisualStudioVersion = 16.0.31702.278
MinimumVisualStudioVersion = 10.0.40219.1
Project("{FAE04EC0-301F-11D3-BF4B-00C04F79EFBC}") = "DriveInfoExample", "DriveInfoExample\DriveInfoExample.csproj", "{18DBF321-B177-4519-89D9-FF0C5D8B2A0C}"
EndProject
Global
	GlobalSection(SolutionConfigurationPlatforms) = preSolution
		Debug|Any CPU = Debug|Any CPU
		Release|Any CPU = Release|Any CPU
	EndGlobalSection
	GlobalSection(ProjectConfigurationPlatforms) = postSolution
		{18DBF321-B177-4519-89D9-FF0C5D8B2A0C}.Debug|Any CPU.ActiveCfg = Debug|Any CPU
		{18DBF321-B177-4519-89D9-FF0C5D8B2A0C}.Debug|Any CPU.Build.0 = Debug|Any CPU
		{18DBF321-B177-4519-89D9-FF0C5D8B2A0C}.Release|Any CPU.ActiveCfg = Release|Any CPU
		{18DBF321-B177-4519-89D9-FF0C5D8B2A0C}.Release|Any CPU.Build.0 = Release|Any CPU
	EndGlobalSection
	GlobalSection(SolutionProperties) = preSolution
		HideSolutionNode = FALSE
	EndGlobalSection
	GlobalSection(ExtensibilityGlobals) = postSolution
		SolutionGuid = {01E61C2F-EA34-47A8-A836-C1A8F820229D}
	EndGlobalSection
EndGlobal
