
Microsoft Visual Studio Solution File, Format Version 12.00
# Visual Studio Version 16
VisualStudioVersion = 16.0.31702.278
MinimumVisualStudioVersion = 10.0.40219.1
Project("{FAE04EC0-301F-11D3-BF4B-00C04F79EFBC}") = "UnicodeExample", "UnicodeExample\UnicodeExample.csproj", "{61CBF979-C434-4719-A479-6E3A03C31117}"
EndProject
Global
	GlobalSection(SolutionConfigurationPlatforms) = preSolution
		Debug|Any CPU = Debug|Any CPU
		Release|Any CPU = Release|Any CPU
	EndGlobalSection
	GlobalSection(ProjectConfigurationPlatforms) = postSolution
		{61CBF979-C434-4719-A479-6E3A03C31117}.Debug|Any CPU.ActiveCfg = Debug|Any CPU
		{61CBF979-C434-4719-A479-6E3A03C31117}.Debug|Any CPU.Build.0 = Debug|Any CPU
		{61CBF979-C434-4719-A479-6E3A03C31117}.Release|Any CPU.ActiveCfg = Release|Any CPU
		{61CBF979-C434-4719-A479-6E3A03C31117}.Release|Any CPU.Build.0 = Release|Any CPU
	EndGlobalSection
	GlobalSection(SolutionProperties) = preSolution
		HideSolutionNode = FALSE
	EndGlobalSection
	GlobalSection(ExtensibilityGlobals) = postSolution
		SolutionGuid = {B880DA37-55CC-405A-B2C2-A250D70B3DEA}
	EndGlobalSection
EndGlobal
