
Microsoft Visual Studio Solution File, Format Version 12.00
# Visual Studio Version 16
VisualStudioVersion = 16.0.30204.135
MinimumVisualStudioVersion = 10.0.40219.1
Project("{FAE04EC0-301F-11D3-BF4B-00C04F79EFBC}") = "ExtensionMethodsExample", "ExtensionMethodsExample\ExtensionMethodsExample.csproj", "{871FA918-9A7C-48F8-AE8D-5AA83757B6BB}"
EndProject
Project("{FAE04EC0-301F-11D3-BF4B-00C04F79EFBC}") = "ClassLibrary1", "ClassLibrary1\ClassLibrary1.csproj", "{46399602-6B73-4434-B221-3DC4549A22F3}"
EndProject
Global
	GlobalSection(SolutionConfigurationPlatforms) = preSolution
		Debug|Any CPU = Debug|Any CPU
		Release|Any CPU = Release|Any CPU
	EndGlobalSection
	GlobalSection(ProjectConfigurationPlatforms) = postSolution
		{871FA918-9A7C-48F8-AE8D-5AA83757B6BB}.Debug|Any CPU.ActiveCfg = Debug|Any CPU
		{871FA918-9A7C-48F8-AE8D-5AA83757B6BB}.Debug|Any CPU.Build.0 = Debug|Any CPU
		{871FA918-9A7C-48F8-AE8D-5AA83757B6BB}.Release|Any CPU.ActiveCfg = Release|Any CPU
		{871FA918-9A7C-48F8-AE8D-5AA83757B6BB}.Release|Any CPU.Build.0 = Release|Any CPU
		{46399602-6B73-4434-B221-3DC4549A22F3}.Debug|Any CPU.ActiveCfg = Debug|Any CPU
		{46399602-6B73-4434-B221-3DC4549A22F3}.Debug|Any CPU.Build.0 = Debug|Any CPU
		{46399602-6B73-4434-B221-3DC4549A22F3}.Release|Any CPU.ActiveCfg = Release|Any CPU
		{46399602-6B73-4434-B221-3DC4549A22F3}.Release|Any CPU.Build.0 = Release|Any CPU
	EndGlobalSection
	GlobalSection(SolutionProperties) = preSolution
		HideSolutionNode = FALSE
	EndGlobalSection
	GlobalSection(ExtensibilityGlobals) = postSolution
		SolutionGuid = {A800C533-1CDE-4738-A07F-11F48FE7AFD8}
	EndGlobalSection
EndGlobal
