
Microsoft Visual Studio Solution File, Format Version 12.00
# Visual Studio Version 16
VisualStudioVersion = 16.0.31702.278
MinimumVisualStudioVersion = 10.0.40219.1
Project("{FAE04EC0-301F-11D3-BF4B-00C04F79EFBC}") = "FileStreamExample", "FileStreamExample\FileStreamExample.csproj", "{38BE5AC8-7008-4488-8108-A1A2923D6F55}"
EndProject
Global
	GlobalSection(SolutionConfigurationPlatforms) = preSolution
		Debug|Any CPU = Debug|Any CPU
		Release|Any CPU = Release|Any CPU
	EndGlobalSection
	GlobalSection(ProjectConfigurationPlatforms) = postSolution
		{38BE5AC8-7008-4488-8108-A1A2923D6F55}.Debug|Any CPU.ActiveCfg = Debug|Any CPU
		{38BE5AC8-7008-4488-8108-A1A2923D6F55}.Debug|Any CPU.Build.0 = Debug|Any CPU
		{38BE5AC8-7008-4488-8108-A1A2923D6F55}.Release|Any CPU.ActiveCfg = Release|Any CPU
		{38BE5AC8-7008-4488-8108-A1A2923D6F55}.Release|Any CPU.Build.0 = Release|Any CPU
	EndGlobalSection
	GlobalSection(SolutionProperties) = preSolution
		HideSolutionNode = FALSE
	EndGlobalSection
	GlobalSection(ExtensibilityGlobals) = postSolution
		SolutionGuid = {5DFA6AC7-CD29-463C-9EBC-39425A55DA75}
	EndGlobalSection
EndGlobal
