
Microsoft Visual Studio Solution File, Format Version 12.00
# Visual Studio Version 16
VisualStudioVersion = 16.0.30011.22
MinimumVisualStudioVersion = 10.0.40219.1
Project("{FAE04EC0-301F-11D3-BF4B-00C04F79EFBC}") = "EnumerationsExample", "EnumerationsExample\EnumerationsExample.csproj", "{C06BA98A-17F4-4031-A703-95B42FAF1A1A}"
EndProject
Project("{FAE04EC0-301F-11D3-BF4B-00C04F79EFBC}") = "ClassLibrary1", "ClassLibrary1\ClassLibrary1.csproj", "{0BBA83E9-0169-487E-84C9-A31EAFDE4AAD}"
EndProject
Global
	GlobalSection(SolutionConfigurationPlatforms) = preSolution
		Debug|Any CPU = Debug|Any CPU
		Release|Any CPU = Release|Any CPU
	EndGlobalSection
	GlobalSection(ProjectConfigurationPlatforms) = postSolution
		{C06BA98A-17F4-4031-A703-95B42FAF1A1A}.Debug|Any CPU.ActiveCfg = Debug|Any CPU
		{C06BA98A-17F4-4031-A703-95B42FAF1A1A}.Debug|Any CPU.Build.0 = Debug|Any CPU
		{C06BA98A-17F4-4031-A703-95B42FAF1A1A}.Release|Any CPU.ActiveCfg = Release|Any CPU
		{C06BA98A-17F4-4031-A703-95B42FAF1A1A}.Release|Any CPU.Build.0 = Release|Any CPU
		{0BBA83E9-0169-487E-84C9-A31EAFDE4AAD}.Debug|Any CPU.ActiveCfg = Debug|Any CPU
		{0BBA83E9-0169-487E-84C9-A31EAFDE4AAD}.Debug|Any CPU.Build.0 = Debug|Any CPU
		{0BBA83E9-0169-487E-84C9-A31EAFDE4AAD}.Release|Any CPU.ActiveCfg = Release|Any CPU
		{0BBA83E9-0169-487E-84C9-A31EAFDE4AAD}.Release|Any CPU.Build.0 = Release|Any CPU
	EndGlobalSection
	GlobalSection(SolutionProperties) = preSolution
		HideSolutionNode = FALSE
	EndGlobalSection
	GlobalSection(ExtensibilityGlobals) = postSolution
		SolutionGuid = {E17B8980-6535-4CE2-984A-C31FDEB006A8}
	EndGlobalSection
EndGlobal
