
Microsoft Visual Studio Solution File, Format Version 12.00
# Visual Studio Version 16
VisualStudioVersion = 16.0.31702.278
MinimumVisualStudioVersion = 10.0.40219.1
Project("{FAE04EC0-301F-11D3-BF4B-00C04F79EFBC}") = "StringForLoopExample", "StringForLoopExample\StringForLoopExample.csproj", "{D0F586BB-D2AF-457C-8DB9-41EDC2725B50}"
EndProject
Global
	GlobalSection(SolutionConfigurationPlatforms) = preSolution
		Debug|Any CPU = Debug|Any CPU
		Release|Any CPU = Release|Any CPU
	EndGlobalSection
	GlobalSection(ProjectConfigurationPlatforms) = postSolution
		{D0F586BB-D2AF-457C-8DB9-41EDC2725B50}.Debug|Any CPU.ActiveCfg = Debug|Any CPU
		{D0F586BB-D2AF-457C-8DB9-41EDC2725B50}.Debug|Any CPU.Build.0 = Debug|Any CPU
		{D0F586BB-D2AF-457C-8DB9-41EDC2725B50}.Release|Any CPU.ActiveCfg = Release|Any CPU
		{D0F586BB-D2AF-457C-8DB9-41EDC2725B50}.Release|Any CPU.Build.0 = Release|Any CPU
	EndGlobalSection
	GlobalSection(SolutionProperties) = preSolution
		HideSolutionNode = FALSE
	EndGlobalSection
	GlobalSection(ExtensibilityGlobals) = postSolution
		SolutionGuid = {7EC2AB6A-B144-4AC5-9B93-94D6DC4710C1}
	EndGlobalSection
EndGlobal
