
Microsoft Visual Studio Solution File, Format Version 12.00
# Visual Studio Version 16
VisualStudioVersion = 16.0.31702.278
MinimumVisualStudioVersion = 10.0.40219.1
Project("{FAE04EC0-301F-11D3-BF4B-00C04F79EFBC}") = "OctalExample", "OctalExample\OctalExample.csproj", "{0BB12C35-36EC-453B-8898-3AED5728BD6B}"
EndProject
Global
	GlobalSection(SolutionConfigurationPlatforms) = preSolution
		Debug|Any CPU = Debug|Any CPU
		Release|Any CPU = Release|Any CPU
	EndGlobalSection
	GlobalSection(ProjectConfigurationPlatforms) = postSolution
		{0BB12C35-36EC-453B-8898-3AED5728BD6B}.Debug|Any CPU.ActiveCfg = Debug|Any CPU
		{0BB12C35-36EC-453B-8898-3AED5728BD6B}.Debug|Any CPU.Build.0 = Debug|Any CPU
		{0BB12C35-36EC-453B-8898-3AED5728BD6B}.Release|Any CPU.ActiveCfg = Release|Any CPU
		{0BB12C35-36EC-453B-8898-3AED5728BD6B}.Release|Any CPU.Build.0 = Release|Any CPU
	EndGlobalSection
	GlobalSection(SolutionProperties) = preSolution
		HideSolutionNode = FALSE
	EndGlobalSection
	GlobalSection(ExtensibilityGlobals) = postSolution
		SolutionGuid = {B4121ED8-ACBC-40FE-9A19-B873037AE968}
	EndGlobalSection
EndGlobal
