
Microsoft Visual Studio Solution File, Format Version 12.00
# Visual Studio Version 16
VisualStudioVersion = 16.0.30225.117
MinimumVisualStudioVersion = 10.0.40219.1
Project("{FAE04EC0-301F-11D3-BF4B-00C04F79EFBC}") = "AddExample", "AddExample\AddExample.csproj", "{AD83B19C-A184-415E-8BA3-6D595B41F506}"
EndProject
Global
	GlobalSection(SolutionConfigurationPlatforms) = preSolution
		Debug|Any CPU = Debug|Any CPU
		Release|Any CPU = Release|Any CPU
	EndGlobalSection
	GlobalSection(ProjectConfigurationPlatforms) = postSolution
		{AD83B19C-A184-415E-8BA3-6D595B41F506}.Debug|Any CPU.ActiveCfg = Debug|Any CPU
		{AD83B19C-A184-415E-8BA3-6D595B41F506}.Debug|Any CPU.Build.0 = Debug|Any CPU
		{AD83B19C-A184-415E-8BA3-6D595B41F506}.Release|Any CPU.ActiveCfg = Release|Any CPU
		{AD83B19C-A184-415E-8BA3-6D595B41F506}.Release|Any CPU.Build.0 = Release|Any CPU
	EndGlobalSection
	GlobalSection(SolutionProperties) = preSolution
		HideSolutionNode = FALSE
	EndGlobalSection
	GlobalSection(ExtensibilityGlobals) = postSolution
		SolutionGuid = {C3F8C6F6-B4EE-4385-99D7-6C8AAA82C232}
	EndGlobalSection
EndGlobal
