
Microsoft Visual Studio Solution File, Format Version 12.00
# Visual Studio Version 16
VisualStudioVersion = 16.0.29920.165
MinimumVisualStudioVersion = 10.0.40219.1
Project("{FAE04EC0-301F-11D3-BF4B-00C04F79EFBC}") = "WhileExample", "WhileExample\WhileExample.csproj", "{8C91A192-4F17-4938-89B9-A3B74D537631}"
EndProject
Global
	GlobalSection(SolutionConfigurationPlatforms) = preSolution
		Debug|Any CPU = Debug|Any CPU
		Release|Any CPU = Release|Any CPU
	EndGlobalSection
	GlobalSection(ProjectConfigurationPlatforms) = postSolution
		{8C91A192-4F17-4938-89B9-A3B74D537631}.Debug|Any CPU.ActiveCfg = Debug|Any CPU
		{8C91A192-4F17-4938-89B9-A3B74D537631}.Debug|Any CPU.Build.0 = Debug|Any CPU
		{8C91A192-4F17-4938-89B9-A3B74D537631}.Release|Any CPU.ActiveCfg = Release|Any CPU
		{8C91A192-4F17-4938-89B9-A3B74D537631}.Release|Any CPU.Build.0 = Release|Any CPU
	EndGlobalSection
	GlobalSection(SolutionProperties) = preSolution
		HideSolutionNode = FALSE
	EndGlobalSection
	GlobalSection(ExtensibilityGlobals) = postSolution
		SolutionGuid = {F6DB26D7-E096-4C5F-B581-C9AD988AEEC9}
	EndGlobalSection
EndGlobal
