
Microsoft Visual Studio Solution File, Format Version 12.00
# Visual Studio Version 16
VisualStudioVersion = 16.0.30413.136
MinimumVisualStudioVersion = 10.0.40219.1
Project("{FAE04EC0-301F-11D3-BF4B-00C04F79EFBC}") = "QueueExample", "QueueExample\QueueExample.csproj", "{75F1AF1C-3D3A-4A34-92BA-D9006525BC3E}"
EndProject
Global
	GlobalSection(SolutionConfigurationPlatforms) = preSolution
		Debug|Any CPU = Debug|Any CPU
		Release|Any CPU = Release|Any CPU
	EndGlobalSection
	GlobalSection(ProjectConfigurationPlatforms) = postSolution
		{75F1AF1C-3D3A-4A34-92BA-D9006525BC3E}.Debug|Any CPU.ActiveCfg = Debug|Any CPU
		{75F1AF1C-3D3A-4A34-92BA-D9006525BC3E}.Debug|Any CPU.Build.0 = Debug|Any CPU
		{75F1AF1C-3D3A-4A34-92BA-D9006525BC3E}.Release|Any CPU.ActiveCfg = Release|Any CPU
		{75F1AF1C-3D3A-4A34-92BA-D9006525BC3E}.Release|Any CPU.Build.0 = Release|Any CPU
	EndGlobalSection
	GlobalSection(SolutionProperties) = preSolution
		HideSolutionNode = FALSE
	EndGlobalSection
	GlobalSection(ExtensibilityGlobals) = postSolution
		SolutionGuid = {9032A4A8-E2B3-4E28-9B3B-D2EE15B5093F}
	EndGlobalSection
EndGlobal
